
Microsoft Visual Studio Solution File, Format Version 12.00
# Visual Studio Version 16
VisualStudioVersion = 16.0.28729.10
MinimumVisualStudioVersion = 10.0.40219.1
Project("{8BC9CEB8-8B4A-11D0-8D11-00A0C91BC942}") = "base", "base\base.vcxproj", "{F8E8DC22-C9EB-4274-BBC9-011D4106F84D}"
EndProject
Project("{8BC9CEB8-8B4A-11D0-8D11-00A0C91BC942}") = "url", "url\url.vcxproj", "{849CE42E-6457-4C6D-8BA0-854932A2AEDB}"
EndProject
Project("{8BC9CEB8-8B4A-11D0-8D11-00A0C91BC942}") = "zlib", "zlib\zlib.vcxproj", "{1EE00A35-2F4A-45D0-8C75-80B936818A76}"
EndProject
Project("{8BC9CEB8-8B4A-11D0-8D11-00A0C91BC942}") = "BkRequest", "BkRequest\BkRequest.vcxproj", "{F0A00B26-7E1C-4EF5-A7B0-5D734DD1C2E5}"
EndProject
Global
	GlobalSection(SolutionConfigurationPlatforms) = preSolution
		Debug|x64 = Debug|x64
		Debug|x86 = Debug|x86
		Release|x64 = Release|x64
		Release|x86 = Release|x86
		ReleaseLTL|x64 = ReleaseLTL|x64
		ReleaseLTL|x86 = ReleaseLTL|x86
	EndGlobalSection
	GlobalSection(ProjectConfigurationPlatforms) = postSolution
		{F8E8DC22-C9EB-4274-BBC9-011D4106F84D}.Debug|x64.ActiveCfg = Debug|x64
		{F8E8DC22-C9EB-4274-BBC9-011D4106F84D}.Debug|x64.Build.0 = Debug|x64
		{F8E8DC22-C9EB-4274-BBC9-011D4106F84D}.Debug|x86.ActiveCfg = Debug|Win32
		{F8E8DC22-C9EB-4274-BBC9-011D4106F84D}.Debug|x86.Build.0 = Debug|Win32
		{F8E8DC22-C9EB-4274-BBC9-011D4106F84D}.Release|x64.ActiveCfg = Release|x64
		{F8E8DC22-C9EB-4274-BBC9-011D4106F84D}.Release|x64.Build.0 = Release|x64
		{F8E8DC22-C9EB-4274-BBC9-011D4106F84D}.Release|x86.ActiveCfg = Release|Win32
		{F8E8DC22-C9EB-4274-BBC9-011D4106F84D}.Release|x86.Build.0 = Release|Win32
		{F8E8DC22-C9EB-4274-BBC9-011D4106F84D}.ReleaseLTL|x64.ActiveCfg = Release|x64
		{F8E8DC22-C9EB-4274-BBC9-011D4106F84D}.ReleaseLTL|x64.Build.0 = Release|x64
		{F8E8DC22-C9EB-4274-BBC9-011D4106F84D}.ReleaseLTL|x86.ActiveCfg = ReleaseLTL|Win32
		{F8E8DC22-C9EB-4274-BBC9-011D4106F84D}.ReleaseLTL|x86.Build.0 = ReleaseLTL|Win32
		{849CE42E-6457-4C6D-8BA0-854932A2AEDB}.Debug|x64.ActiveCfg = Debug|x64
		{849CE42E-6457-4C6D-8BA0-854932A2AEDB}.Debug|x64.Build.0 = Debug|x64
		{849CE42E-6457-4C6D-8BA0-854932A2AEDB}.Debug|x86.ActiveCfg = Debug|Win32
		{849CE42E-6457-4C6D-8BA0-854932A2AEDB}.Debug|x86.Build.0 = Debug|Win32
		{849CE42E-6457-4C6D-8BA0-854932A2AEDB}.Release|x64.ActiveCfg = Release|x64
		{849CE42E-6457-4C6D-8BA0-854932A2AEDB}.Release|x64.Build.0 = Release|x64
		{849CE42E-6457-4C6D-8BA0-854932A2AEDB}.Release|x86.ActiveCfg = Release|Win32
		{849CE42E-6457-4C6D-8BA0-854932A2AEDB}.Release|x86.Build.0 = Release|Win32
		{849CE42E-6457-4C6D-8BA0-854932A2AEDB}.ReleaseLTL|x64.ActiveCfg = Release|x64
		{849CE42E-6457-4C6D-8BA0-854932A2AEDB}.ReleaseLTL|x64.Build.0 = Release|x64
		{849CE42E-6457-4C6D-8BA0-854932A2AEDB}.ReleaseLTL|x86.ActiveCfg = ReleaseLTL|Win32
		{849CE42E-6457-4C6D-8BA0-854932A2AEDB}.ReleaseLTL|x86.Build.0 = ReleaseLTL|Win32
		{1EE00A35-2F4A-45D0-8C75-80B936818A76}.Debug|x64.ActiveCfg = Debug|x64
		{1EE00A35-2F4A-45D0-8C75-80B936818A76}.Debug|x64.Build.0 = Debug|x64
		{1EE00A35-2F4A-45D0-8C75-80B936818A76}.Debug|x86.ActiveCfg = Debug|Win32
		{1EE00A35-2F4A-45D0-8C75-80B936818A76}.Debug|x86.Build.0 = Debug|Win32
		{1EE00A35-2F4A-45D0-8C75-80B936818A76}.Release|x64.ActiveCfg = Release|x64
		{1EE00A35-2F4A-45D0-8C75-80B936818A76}.Release|x64.Build.0 = Release|x64
		{1EE00A35-2F4A-45D0-8C75-80B936818A76}.Release|x86.ActiveCfg = Release|Win32
		{1EE00A35-2F4A-45D0-8C75-80B936818A76}.Release|x86.Build.0 = Release|Win32
		{1EE00A35-2F4A-45D0-8C75-80B936818A76}.ReleaseLTL|x64.ActiveCfg = Release|x64
		{1EE00A35-2F4A-45D0-8C75-80B936818A76}.ReleaseLTL|x64.Build.0 = Release|x64
		{1EE00A35-2F4A-45D0-8C75-80B936818A76}.ReleaseLTL|x86.ActiveCfg = ReleaseLTL|Win32
		{1EE00A35-2F4A-45D0-8C75-80B936818A76}.ReleaseLTL|x86.Build.0 = ReleaseLTL|Win32
		{F0A00B26-7E1C-4EF5-A7B0-5D734DD1C2E5}.Debug|x64.ActiveCfg = Debug|x64
		{F0A00B26-7E1C-4EF5-A7B0-5D734DD1C2E5}.Debug|x64.Build.0 = Debug|x64
		{F0A00B26-7E1C-4EF5-A7B0-5D734DD1C2E5}.Debug|x86.ActiveCfg = Debug|Win32
		{F0A00B26-7E1C-4EF5-A7B0-5D734DD1C2E5}.Debug|x86.Build.0 = Debug|Win32
		{F0A00B26-7E1C-4EF5-A7B0-5D734DD1C2E5}.Release|x64.ActiveCfg = Release|x64
		{F0A00B26-7E1C-4EF5-A7B0-5D734DD1C2E5}.Release|x64.Build.0 = Release|x64
		{F0A00B26-7E1C-4EF5-A7B0-5D734DD1C2E5}.Release|x86.ActiveCfg = Release|Win32
		{F0A00B26-7E1C-4EF5-A7B0-5D734DD1C2E5}.Release|x86.Build.0 = Release|Win32
		{F0A00B26-7E1C-4EF5-A7B0-5D734DD1C2E5}.ReleaseLTL|x64.ActiveCfg = Release|x64
		{F0A00B26-7E1C-4EF5-A7B0-5D734DD1C2E5}.ReleaseLTL|x64.Build.0 = Release|x64
		{F0A00B26-7E1C-4EF5-A7B0-5D734DD1C2E5}.ReleaseLTL|x86.ActiveCfg = ReleaseLTL|Win32
		{F0A00B26-7E1C-4EF5-A7B0-5D734DD1C2E5}.ReleaseLTL|x86.Build.0 = ReleaseLTL|Win32
	EndGlobalSection
	GlobalSection(SolutionProperties) = preSolution
		HideSolutionNode = FALSE
	EndGlobalSection
	GlobalSection(ExtensibilityGlobals) = postSolution
		SolutionGuid = {0D55E144-9CE4-44A4-ADD8-8780318EAF86}
	EndGlobalSection
EndGlobal
