
Microsoft Visual Studio Solution File, Format Version 12.00
# Visual Studio 15
VisualStudioVersion = 15.0.28307.329
MinimumVisualStudioVersion = 10.0.40219.1
Project("{8BC9CEB8-8B4A-11D0-8D11-00A0C91BC942}") = "webcore_dom", "webcore_dom\webcore_dom.vcxproj", "{E4E9F91C-E1DD-49EA-9773-373ABE3FBAC4}"
EndProject
Project("{2150E333-8FDC-42A3-9474-1A3956D46DE8}") = "Chromium", "Chromium", "{91A28989-465E-4DCE-8769-180486DD9C19}"
EndProject
Global
	GlobalSection(SolutionConfigurationPlatforms) = preSolution
		Debug|x64 = Debug|x64
		Debug|x86 = Debug|x86
		Release|x64 = Release|x64
		Release|x86 = Release|x86
	EndGlobalSection
	GlobalSection(ProjectConfigurationPlatforms) = postSolution
		{E4E9F91C-E1DD-49EA-9773-373ABE3FBAC4}.Debug|x64.ActiveCfg = Debug|x64
		{E4E9F91C-E1DD-49EA-9773-373ABE3FBAC4}.Debug|x64.Build.0 = Debug|x64
		{E4E9F91C-E1DD-49EA-9773-373ABE3FBAC4}.Debug|x86.ActiveCfg = Debug|Win32
		{E4E9F91C-E1DD-49EA-9773-373ABE3FBAC4}.Debug|x86.Build.0 = Debug|Win32
		{E4E9F91C-E1DD-49EA-9773-373ABE3FBAC4}.Release|x64.ActiveCfg = Release|x64
		{E4E9F91C-E1DD-49EA-9773-373ABE3FBAC4}.Release|x64.Build.0 = Release|x64
		{E4E9F91C-E1DD-49EA-9773-373ABE3FBAC4}.Release|x86.ActiveCfg = Release|Win32
		{E4E9F91C-E1DD-49EA-9773-373ABE3FBAC4}.Release|x86.Build.0 = Release|Win32
	EndGlobalSection
	GlobalSection(SolutionProperties) = preSolution
		HideSolutionNode = FALSE
	EndGlobalSection
	GlobalSection(NestedProjects) = preSolution
		{E4E9F91C-E1DD-49EA-9773-373ABE3FBAC4} = {91A28989-465E-4DCE-8769-180486DD9C19}
	EndGlobalSection
	GlobalSection(ExtensibilityGlobals) = postSolution
		SolutionGuid = {203D556F-DFBA-4942-8EDE-A717D34DBEEB}
	EndGlobalSection
EndGlobal
