
Microsoft Visual Studio Solution File, Format Version 12.00
# Visual Studio Version 16
VisualStudioVersion = 16.0.28714.193
MinimumVisualStudioVersion = 10.0.40219.1
Project("{8BC9CEB8-8B4A-11D0-8D11-00A0C91BC942}") = "webcore_dom", "webcore_dom\webcore_dom.vcxproj", "{E4E9F91C-E1DD-49EA-9773-373ABE3FBAC4}"
EndProject
Project("{2150E333-8FDC-42A3-9474-1A3956D46DE8}") = "Chromium", "Chromium", "{91A28989-465E-4DCE-8769-180486DD9C19}"
EndProject
Project("{8BC9CEB8-8B4A-11D0-8D11-00A0C91BC942}") = "webcore_generated", "webcore_generated\webcore_generated.vcxproj", "{B47CE86F-DDFE-43AF-BC11-8991F741F3A4}"
EndProject
Project("{8BC9CEB8-8B4A-11D0-8D11-00A0C91BC942}") = "webcore_html", "webcore_html\webcore_html.vcxproj", "{1E0C301E-4C6F-468E-A91E-2E55730A296F}"
EndProject
Project("{8BC9CEB8-8B4A-11D0-8D11-00A0C91BC942}") = "webcore_svg", "webcore_svg\webcore_svg.vcxproj", "{01B811B6-336E-49AD-B836-7C25DBCD7CE6}"
EndProject
Project("{8BC9CEB8-8B4A-11D0-8D11-00A0C91BC942}") = "webcore_rendering", "webcore_rendering\webcore_rendering.vcxproj", "{9CA55C16-3C88-4D99-93A6-5A866778E717}"
EndProject
Project("{8BC9CEB8-8B4A-11D0-8D11-00A0C91BC942}") = "webcore_remaining", "webcore_remaining\webcore_remaining.vcxproj", "{A8709B4B-640F-4593-A431-DB453F4076E5}"
EndProject
Project("{8BC9CEB8-8B4A-11D0-8D11-00A0C91BC942}") = "blink_platform", "blink_platform\blink_platform.vcxproj", "{4D41689B-1DF6-473C-8372-C186431B93A4}"
EndProject
Project("{8BC9CEB8-8B4A-11D0-8D11-00A0C91BC942}") = "wtf", "wtf\wtf.vcxproj", "{F2BD6227-B9BF-4658-A72F-3A8CA514A847}"
EndProject
Project("{8BC9CEB8-8B4A-11D0-8D11-00A0C91BC942}") = "stub", "stub\stub.vcxproj", "{5C7FCBE4-3630-4DEF-AC58-916EAFBE1E97}"
EndProject
Project("{8BC9CEB8-8B4A-11D0-8D11-00A0C91BC942}") = "BlinKit", "BlinKit\BlinKit.vcxproj", "{C037EFD6-1C86-4FDF-96BB-E5D485513621}"
EndProject
Project("{8BC9CEB8-8B4A-11D0-8D11-00A0C91BC942}") = "blink_web", "blink_web\blink_web.vcxproj", "{F1C61470-7860-4D03-B90F-78C892AC0CF7}"
EndProject
Project("{8BC9CEB8-8B4A-11D0-8D11-00A0C91BC942}") = "url", "url\url.vcxproj", "{849CE42E-6457-4C6D-8BA0-854932A2AEDB}"
EndProject
Project("{2150E333-8FDC-42A3-9474-1A3956D46DE8}") = "3rd", "3rd", "{9A0E759B-74A2-43AC-9774-2A8BA7A86197}"
EndProject
Project("{8BC9CEB8-8B4A-11D0-8D11-00A0C91BC942}") = "libpng", "libpng\libpng.vcxproj", "{6BF8AA31-E6E9-4DC1-B721-20727F7D96CB}"
EndProject
Project("{8BC9CEB8-8B4A-11D0-8D11-00A0C91BC942}") = "skia", "skia\skia.vcxproj", "{295EDF31-49B6-48E3-B7C5-377C60665A78}"
EndProject
Project("{8BC9CEB8-8B4A-11D0-8D11-00A0C91BC942}") = "libxml", "libxml\libxml.vcxproj", "{E5A2B45E-7D69-4B6D-B23F-D9127B168877}"
EndProject
Project("{8BC9CEB8-8B4A-11D0-8D11-00A0C91BC942}") = "zlib", "zlib\zlib.vcxproj", "{1EE00A35-2F4A-45D0-8C75-80B936818A76}"
EndProject
Project("{8BC9CEB8-8B4A-11D0-8D11-00A0C91BC942}") = "base", "base\base.vcxproj", "{F8E8DC22-C9EB-4274-BBC9-011D4106F84D}"
EndProject
Project("{8BC9CEB8-8B4A-11D0-8D11-00A0C91BC942}") = "harfbuzz", "harfbuzz\harfbuzz.vcxproj", "{B9CB47A9-980C-45B2-92D1-A67801B28CB5}"
EndProject
Project("{8BC9CEB8-8B4A-11D0-8D11-00A0C91BC942}") = "js", "js\js.vcxproj", "{96449FF1-982F-4E4B-8617-F9E6CB647304}"
EndProject
Project("{8BC9CEB8-8B4A-11D0-8D11-00A0C91BC942}") = "modules", "modules\modules.vcxproj", "{98A19AA9-DDD3-42B4-92C5-C0E2681A480D}"
EndProject
Project("{8BC9CEB8-8B4A-11D0-8D11-00A0C91BC942}") = "ots", "ots\ots.vcxproj", "{35DDB613-6C23-4B17-9B1A-643C91B09A16}"
EndProject
Project("{8BC9CEB8-8B4A-11D0-8D11-00A0C91BC942}") = "BkTest", "BkTest\BkTest.vcxproj", "{4FDB7713-380F-4B44-87BE-1862F243D013}"
EndProject
Project("{8BC9CEB8-8B4A-11D0-8D11-00A0C91BC942}") = "BkRequest", "BkRequest\BkRequest.vcxproj", "{F0A00B26-7E1C-4EF5-A7B0-5D734DD1C2E5}"
EndProject
Global
	GlobalSection(SolutionConfigurationPlatforms) = preSolution
		Debug|x64 = Debug|x64
		Debug|x86 = Debug|x86
		Release|x64 = Release|x64
		Release|x86 = Release|x86
	EndGlobalSection
	GlobalSection(ProjectConfigurationPlatforms) = postSolution
		{E4E9F91C-E1DD-49EA-9773-373ABE3FBAC4}.Debug|x64.ActiveCfg = Debug|x64
		{E4E9F91C-E1DD-49EA-9773-373ABE3FBAC4}.Debug|x64.Build.0 = Debug|x64
		{E4E9F91C-E1DD-49EA-9773-373ABE3FBAC4}.Debug|x86.ActiveCfg = Debug|Win32
		{E4E9F91C-E1DD-49EA-9773-373ABE3FBAC4}.Debug|x86.Build.0 = Debug|Win32
		{E4E9F91C-E1DD-49EA-9773-373ABE3FBAC4}.Release|x64.ActiveCfg = Release|x64
		{E4E9F91C-E1DD-49EA-9773-373ABE3FBAC4}.Release|x64.Build.0 = Release|x64
		{E4E9F91C-E1DD-49EA-9773-373ABE3FBAC4}.Release|x86.ActiveCfg = Release|Win32
		{E4E9F91C-E1DD-49EA-9773-373ABE3FBAC4}.Release|x86.Build.0 = Release|Win32
		{B47CE86F-DDFE-43AF-BC11-8991F741F3A4}.Debug|x64.ActiveCfg = Debug|x64
		{B47CE86F-DDFE-43AF-BC11-8991F741F3A4}.Debug|x64.Build.0 = Debug|x64
		{B47CE86F-DDFE-43AF-BC11-8991F741F3A4}.Debug|x86.ActiveCfg = Debug|Win32
		{B47CE86F-DDFE-43AF-BC11-8991F741F3A4}.Debug|x86.Build.0 = Debug|Win32
		{B47CE86F-DDFE-43AF-BC11-8991F741F3A4}.Release|x64.ActiveCfg = Release|x64
		{B47CE86F-DDFE-43AF-BC11-8991F741F3A4}.Release|x64.Build.0 = Release|x64
		{B47CE86F-DDFE-43AF-BC11-8991F741F3A4}.Release|x86.ActiveCfg = Release|Win32
		{B47CE86F-DDFE-43AF-BC11-8991F741F3A4}.Release|x86.Build.0 = Release|Win32
		{1E0C301E-4C6F-468E-A91E-2E55730A296F}.Debug|x64.ActiveCfg = Debug|x64
		{1E0C301E-4C6F-468E-A91E-2E55730A296F}.Debug|x64.Build.0 = Debug|x64
		{1E0C301E-4C6F-468E-A91E-2E55730A296F}.Debug|x86.ActiveCfg = Debug|Win32
		{1E0C301E-4C6F-468E-A91E-2E55730A296F}.Debug|x86.Build.0 = Debug|Win32
		{1E0C301E-4C6F-468E-A91E-2E55730A296F}.Release|x64.ActiveCfg = Release|x64
		{1E0C301E-4C6F-468E-A91E-2E55730A296F}.Release|x64.Build.0 = Release|x64
		{1E0C301E-4C6F-468E-A91E-2E55730A296F}.Release|x86.ActiveCfg = Release|Win32
		{1E0C301E-4C6F-468E-A91E-2E55730A296F}.Release|x86.Build.0 = Release|Win32
		{01B811B6-336E-49AD-B836-7C25DBCD7CE6}.Debug|x64.ActiveCfg = Debug|x64
		{01B811B6-336E-49AD-B836-7C25DBCD7CE6}.Debug|x64.Build.0 = Debug|x64
		{01B811B6-336E-49AD-B836-7C25DBCD7CE6}.Debug|x86.ActiveCfg = Debug|Win32
		{01B811B6-336E-49AD-B836-7C25DBCD7CE6}.Debug|x86.Build.0 = Debug|Win32
		{01B811B6-336E-49AD-B836-7C25DBCD7CE6}.Release|x64.ActiveCfg = Release|x64
		{01B811B6-336E-49AD-B836-7C25DBCD7CE6}.Release|x64.Build.0 = Release|x64
		{01B811B6-336E-49AD-B836-7C25DBCD7CE6}.Release|x86.ActiveCfg = Release|Win32
		{01B811B6-336E-49AD-B836-7C25DBCD7CE6}.Release|x86.Build.0 = Release|Win32
		{9CA55C16-3C88-4D99-93A6-5A866778E717}.Debug|x64.ActiveCfg = Debug|x64
		{9CA55C16-3C88-4D99-93A6-5A866778E717}.Debug|x64.Build.0 = Debug|x64
		{9CA55C16-3C88-4D99-93A6-5A866778E717}.Debug|x86.ActiveCfg = Debug|Win32
		{9CA55C16-3C88-4D99-93A6-5A866778E717}.Debug|x86.Build.0 = Debug|Win32
		{9CA55C16-3C88-4D99-93A6-5A866778E717}.Release|x64.ActiveCfg = Release|x64
		{9CA55C16-3C88-4D99-93A6-5A866778E717}.Release|x64.Build.0 = Release|x64
		{9CA55C16-3C88-4D99-93A6-5A866778E717}.Release|x86.ActiveCfg = Release|Win32
		{9CA55C16-3C88-4D99-93A6-5A866778E717}.Release|x86.Build.0 = Release|Win32
		{A8709B4B-640F-4593-A431-DB453F4076E5}.Debug|x64.ActiveCfg = Debug|x64
		{A8709B4B-640F-4593-A431-DB453F4076E5}.Debug|x64.Build.0 = Debug|x64
		{A8709B4B-640F-4593-A431-DB453F4076E5}.Debug|x86.ActiveCfg = Debug|Win32
		{A8709B4B-640F-4593-A431-DB453F4076E5}.Debug|x86.Build.0 = Debug|Win32
		{A8709B4B-640F-4593-A431-DB453F4076E5}.Release|x64.ActiveCfg = Release|x64
		{A8709B4B-640F-4593-A431-DB453F4076E5}.Release|x64.Build.0 = Release|x64
		{A8709B4B-640F-4593-A431-DB453F4076E5}.Release|x86.ActiveCfg = Release|Win32
		{A8709B4B-640F-4593-A431-DB453F4076E5}.Release|x86.Build.0 = Release|Win32
		{4D41689B-1DF6-473C-8372-C186431B93A4}.Debug|x64.ActiveCfg = Debug|x64
		{4D41689B-1DF6-473C-8372-C186431B93A4}.Debug|x64.Build.0 = Debug|x64
		{4D41689B-1DF6-473C-8372-C186431B93A4}.Debug|x86.ActiveCfg = Debug|Win32
		{4D41689B-1DF6-473C-8372-C186431B93A4}.Debug|x86.Build.0 = Debug|Win32
		{4D41689B-1DF6-473C-8372-C186431B93A4}.Release|x64.ActiveCfg = Release|x64
		{4D41689B-1DF6-473C-8372-C186431B93A4}.Release|x64.Build.0 = Release|x64
		{4D41689B-1DF6-473C-8372-C186431B93A4}.Release|x86.ActiveCfg = Release|Win32
		{4D41689B-1DF6-473C-8372-C186431B93A4}.Release|x86.Build.0 = Release|Win32
		{F2BD6227-B9BF-4658-A72F-3A8CA514A847}.Debug|x64.ActiveCfg = Debug|x64
		{F2BD6227-B9BF-4658-A72F-3A8CA514A847}.Debug|x64.Build.0 = Debug|x64
		{F2BD6227-B9BF-4658-A72F-3A8CA514A847}.Debug|x86.ActiveCfg = Debug|Win32
		{F2BD6227-B9BF-4658-A72F-3A8CA514A847}.Debug|x86.Build.0 = Debug|Win32
		{F2BD6227-B9BF-4658-A72F-3A8CA514A847}.Release|x64.ActiveCfg = Release|x64
		{F2BD6227-B9BF-4658-A72F-3A8CA514A847}.Release|x64.Build.0 = Release|x64
		{F2BD6227-B9BF-4658-A72F-3A8CA514A847}.Release|x86.ActiveCfg = Release|Win32
		{F2BD6227-B9BF-4658-A72F-3A8CA514A847}.Release|x86.Build.0 = Release|Win32
		{5C7FCBE4-3630-4DEF-AC58-916EAFBE1E97}.Debug|x64.ActiveCfg = Debug|x64
		{5C7FCBE4-3630-4DEF-AC58-916EAFBE1E97}.Debug|x64.Build.0 = Debug|x64
		{5C7FCBE4-3630-4DEF-AC58-916EAFBE1E97}.Debug|x86.ActiveCfg = Debug|Win32
		{5C7FCBE4-3630-4DEF-AC58-916EAFBE1E97}.Debug|x86.Build.0 = Debug|Win32
		{5C7FCBE4-3630-4DEF-AC58-916EAFBE1E97}.Release|x64.ActiveCfg = Release|x64
		{5C7FCBE4-3630-4DEF-AC58-916EAFBE1E97}.Release|x64.Build.0 = Release|x64
		{5C7FCBE4-3630-4DEF-AC58-916EAFBE1E97}.Release|x86.ActiveCfg = Release|Win32
		{5C7FCBE4-3630-4DEF-AC58-916EAFBE1E97}.Release|x86.Build.0 = Release|Win32
		{C037EFD6-1C86-4FDF-96BB-E5D485513621}.Debug|x64.ActiveCfg = Debug|x64
		{C037EFD6-1C86-4FDF-96BB-E5D485513621}.Debug|x64.Build.0 = Debug|x64
		{C037EFD6-1C86-4FDF-96BB-E5D485513621}.Debug|x86.ActiveCfg = Debug|Win32
		{C037EFD6-1C86-4FDF-96BB-E5D485513621}.Debug|x86.Build.0 = Debug|Win32
		{C037EFD6-1C86-4FDF-96BB-E5D485513621}.Release|x64.ActiveCfg = Release|x64
		{C037EFD6-1C86-4FDF-96BB-E5D485513621}.Release|x64.Build.0 = Release|x64
		{C037EFD6-1C86-4FDF-96BB-E5D485513621}.Release|x86.ActiveCfg = Release|Win32
		{C037EFD6-1C86-4FDF-96BB-E5D485513621}.Release|x86.Build.0 = Release|Win32
		{F1C61470-7860-4D03-B90F-78C892AC0CF7}.Debug|x64.ActiveCfg = Debug|x64
		{F1C61470-7860-4D03-B90F-78C892AC0CF7}.Debug|x64.Build.0 = Debug|x64
		{F1C61470-7860-4D03-B90F-78C892AC0CF7}.Debug|x86.ActiveCfg = Debug|Win32
		{F1C61470-7860-4D03-B90F-78C892AC0CF7}.Debug|x86.Build.0 = Debug|Win32
		{F1C61470-7860-4D03-B90F-78C892AC0CF7}.Release|x64.ActiveCfg = Release|x64
		{F1C61470-7860-4D03-B90F-78C892AC0CF7}.Release|x64.Build.0 = Release|x64
		{F1C61470-7860-4D03-B90F-78C892AC0CF7}.Release|x86.ActiveCfg = Release|Win32
		{F1C61470-7860-4D03-B90F-78C892AC0CF7}.Release|x86.Build.0 = Release|Win32
		{849CE42E-6457-4C6D-8BA0-854932A2AEDB}.Debug|x64.ActiveCfg = Debug|x64
		{849CE42E-6457-4C6D-8BA0-854932A2AEDB}.Debug|x64.Build.0 = Debug|x64
		{849CE42E-6457-4C6D-8BA0-854932A2AEDB}.Debug|x86.ActiveCfg = Debug|Win32
		{849CE42E-6457-4C6D-8BA0-854932A2AEDB}.Debug|x86.Build.0 = Debug|Win32
		{849CE42E-6457-4C6D-8BA0-854932A2AEDB}.Release|x64.ActiveCfg = Release|x64
		{849CE42E-6457-4C6D-8BA0-854932A2AEDB}.Release|x64.Build.0 = Release|x64
		{849CE42E-6457-4C6D-8BA0-854932A2AEDB}.Release|x86.ActiveCfg = Release|Win32
		{849CE42E-6457-4C6D-8BA0-854932A2AEDB}.Release|x86.Build.0 = Release|Win32
		{6BF8AA31-E6E9-4DC1-B721-20727F7D96CB}.Debug|x64.ActiveCfg = Debug|x64
		{6BF8AA31-E6E9-4DC1-B721-20727F7D96CB}.Debug|x64.Build.0 = Debug|x64
		{6BF8AA31-E6E9-4DC1-B721-20727F7D96CB}.Debug|x86.ActiveCfg = Debug|Win32
		{6BF8AA31-E6E9-4DC1-B721-20727F7D96CB}.Debug|x86.Build.0 = Debug|Win32
		{6BF8AA31-E6E9-4DC1-B721-20727F7D96CB}.Release|x64.ActiveCfg = Release|x64
		{6BF8AA31-E6E9-4DC1-B721-20727F7D96CB}.Release|x64.Build.0 = Release|x64
		{6BF8AA31-E6E9-4DC1-B721-20727F7D96CB}.Release|x86.ActiveCfg = Release|Win32
		{6BF8AA31-E6E9-4DC1-B721-20727F7D96CB}.Release|x86.Build.0 = Release|Win32
		{295EDF31-49B6-48E3-B7C5-377C60665A78}.Debug|x64.ActiveCfg = Debug|x64
		{295EDF31-49B6-48E3-B7C5-377C60665A78}.Debug|x64.Build.0 = Debug|x64
		{295EDF31-49B6-48E3-B7C5-377C60665A78}.Debug|x86.ActiveCfg = Debug|Win32
		{295EDF31-49B6-48E3-B7C5-377C60665A78}.Debug|x86.Build.0 = Debug|Win32
		{295EDF31-49B6-48E3-B7C5-377C60665A78}.Release|x64.ActiveCfg = Release|x64
		{295EDF31-49B6-48E3-B7C5-377C60665A78}.Release|x64.Build.0 = Release|x64
		{295EDF31-49B6-48E3-B7C5-377C60665A78}.Release|x86.ActiveCfg = Release|Win32
		{295EDF31-49B6-48E3-B7C5-377C60665A78}.Release|x86.Build.0 = Release|Win32
		{E5A2B45E-7D69-4B6D-B23F-D9127B168877}.Debug|x64.ActiveCfg = Debug|x64
		{E5A2B45E-7D69-4B6D-B23F-D9127B168877}.Debug|x64.Build.0 = Debug|x64
		{E5A2B45E-7D69-4B6D-B23F-D9127B168877}.Debug|x86.ActiveCfg = Debug|Win32
		{E5A2B45E-7D69-4B6D-B23F-D9127B168877}.Debug|x86.Build.0 = Debug|Win32
		{E5A2B45E-7D69-4B6D-B23F-D9127B168877}.Release|x64.ActiveCfg = Release|x64
		{E5A2B45E-7D69-4B6D-B23F-D9127B168877}.Release|x64.Build.0 = Release|x64
		{E5A2B45E-7D69-4B6D-B23F-D9127B168877}.Release|x86.ActiveCfg = Release|Win32
		{E5A2B45E-7D69-4B6D-B23F-D9127B168877}.Release|x86.Build.0 = Release|Win32
		{1EE00A35-2F4A-45D0-8C75-80B936818A76}.Debug|x64.ActiveCfg = Debug|x64
		{1EE00A35-2F4A-45D0-8C75-80B936818A76}.Debug|x64.Build.0 = Debug|x64
		{1EE00A35-2F4A-45D0-8C75-80B936818A76}.Debug|x86.ActiveCfg = Debug|Win32
		{1EE00A35-2F4A-45D0-8C75-80B936818A76}.Debug|x86.Build.0 = Debug|Win32
		{1EE00A35-2F4A-45D0-8C75-80B936818A76}.Release|x64.ActiveCfg = Release|x64
		{1EE00A35-2F4A-45D0-8C75-80B936818A76}.Release|x64.Build.0 = Release|x64
		{1EE00A35-2F4A-45D0-8C75-80B936818A76}.Release|x86.ActiveCfg = Release|Win32
		{1EE00A35-2F4A-45D0-8C75-80B936818A76}.Release|x86.Build.0 = Release|Win32
		{F8E8DC22-C9EB-4274-BBC9-011D4106F84D}.Debug|x64.ActiveCfg = Debug|x64
		{F8E8DC22-C9EB-4274-BBC9-011D4106F84D}.Debug|x64.Build.0 = Debug|x64
		{F8E8DC22-C9EB-4274-BBC9-011D4106F84D}.Debug|x86.ActiveCfg = Debug|Win32
		{F8E8DC22-C9EB-4274-BBC9-011D4106F84D}.Debug|x86.Build.0 = Debug|Win32
		{F8E8DC22-C9EB-4274-BBC9-011D4106F84D}.Release|x64.ActiveCfg = Release|x64
		{F8E8DC22-C9EB-4274-BBC9-011D4106F84D}.Release|x64.Build.0 = Release|x64
		{F8E8DC22-C9EB-4274-BBC9-011D4106F84D}.Release|x86.ActiveCfg = Release|Win32
		{F8E8DC22-C9EB-4274-BBC9-011D4106F84D}.Release|x86.Build.0 = Release|Win32
		{B9CB47A9-980C-45B2-92D1-A67801B28CB5}.Debug|x64.ActiveCfg = Debug|x64
		{B9CB47A9-980C-45B2-92D1-A67801B28CB5}.Debug|x64.Build.0 = Debug|x64
		{B9CB47A9-980C-45B2-92D1-A67801B28CB5}.Debug|x86.ActiveCfg = Debug|Win32
		{B9CB47A9-980C-45B2-92D1-A67801B28CB5}.Debug|x86.Build.0 = Debug|Win32
		{B9CB47A9-980C-45B2-92D1-A67801B28CB5}.Release|x64.ActiveCfg = Release|x64
		{B9CB47A9-980C-45B2-92D1-A67801B28CB5}.Release|x64.Build.0 = Release|x64
		{B9CB47A9-980C-45B2-92D1-A67801B28CB5}.Release|x86.ActiveCfg = Release|Win32
		{B9CB47A9-980C-45B2-92D1-A67801B28CB5}.Release|x86.Build.0 = Release|Win32
		{96449FF1-982F-4E4B-8617-F9E6CB647304}.Debug|x64.ActiveCfg = Debug|x64
		{96449FF1-982F-4E4B-8617-F9E6CB647304}.Debug|x64.Build.0 = Debug|x64
		{96449FF1-982F-4E4B-8617-F9E6CB647304}.Debug|x86.ActiveCfg = Debug|Win32
		{96449FF1-982F-4E4B-8617-F9E6CB647304}.Debug|x86.Build.0 = Debug|Win32
		{96449FF1-982F-4E4B-8617-F9E6CB647304}.Release|x64.ActiveCfg = Release|x64
		{96449FF1-982F-4E4B-8617-F9E6CB647304}.Release|x64.Build.0 = Release|x64
		{96449FF1-982F-4E4B-8617-F9E6CB647304}.Release|x86.ActiveCfg = Release|Win32
		{96449FF1-982F-4E4B-8617-F9E6CB647304}.Release|x86.Build.0 = Release|Win32
		{98A19AA9-DDD3-42B4-92C5-C0E2681A480D}.Debug|x64.ActiveCfg = Debug|x64
		{98A19AA9-DDD3-42B4-92C5-C0E2681A480D}.Debug|x64.Build.0 = Debug|x64
		{98A19AA9-DDD3-42B4-92C5-C0E2681A480D}.Debug|x86.ActiveCfg = Debug|Win32
		{98A19AA9-DDD3-42B4-92C5-C0E2681A480D}.Debug|x86.Build.0 = Debug|Win32
		{98A19AA9-DDD3-42B4-92C5-C0E2681A480D}.Release|x64.ActiveCfg = Release|x64
		{98A19AA9-DDD3-42B4-92C5-C0E2681A480D}.Release|x64.Build.0 = Release|x64
		{98A19AA9-DDD3-42B4-92C5-C0E2681A480D}.Release|x86.ActiveCfg = Release|Win32
		{98A19AA9-DDD3-42B4-92C5-C0E2681A480D}.Release|x86.Build.0 = Release|Win32
		{35DDB613-6C23-4B17-9B1A-643C91B09A16}.Debug|x64.ActiveCfg = Debug|x64
		{35DDB613-6C23-4B17-9B1A-643C91B09A16}.Debug|x64.Build.0 = Debug|x64
		{35DDB613-6C23-4B17-9B1A-643C91B09A16}.Debug|x86.ActiveCfg = Debug|Win32
		{35DDB613-6C23-4B17-9B1A-643C91B09A16}.Debug|x86.Build.0 = Debug|Win32
		{35DDB613-6C23-4B17-9B1A-643C91B09A16}.Release|x64.ActiveCfg = Release|x64
		{35DDB613-6C23-4B17-9B1A-643C91B09A16}.Release|x64.Build.0 = Release|x64
		{35DDB613-6C23-4B17-9B1A-643C91B09A16}.Release|x86.ActiveCfg = Release|Win32
		{35DDB613-6C23-4B17-9B1A-643C91B09A16}.Release|x86.Build.0 = Release|Win32
		{4FDB7713-380F-4B44-87BE-1862F243D013}.Debug|x64.ActiveCfg = Debug|x64
		{4FDB7713-380F-4B44-87BE-1862F243D013}.Debug|x64.Build.0 = Debug|x64
		{4FDB7713-380F-4B44-87BE-1862F243D013}.Debug|x86.ActiveCfg = Debug|Win32
		{4FDB7713-380F-4B44-87BE-1862F243D013}.Debug|x86.Build.0 = Debug|Win32
		{4FDB7713-380F-4B44-87BE-1862F243D013}.Release|x64.ActiveCfg = Release|x64
		{4FDB7713-380F-4B44-87BE-1862F243D013}.Release|x64.Build.0 = Release|x64
		{4FDB7713-380F-4B44-87BE-1862F243D013}.Release|x86.ActiveCfg = Release|Win32
		{4FDB7713-380F-4B44-87BE-1862F243D013}.Release|x86.Build.0 = Release|Win32
		{F0A00B26-7E1C-4EF5-A7B0-5D734DD1C2E5}.Debug|x64.ActiveCfg = Debug|x64
		{F0A00B26-7E1C-4EF5-A7B0-5D734DD1C2E5}.Debug|x64.Build.0 = Debug|x64
		{F0A00B26-7E1C-4EF5-A7B0-5D734DD1C2E5}.Debug|x86.ActiveCfg = Debug|Win32
		{F0A00B26-7E1C-4EF5-A7B0-5D734DD1C2E5}.Debug|x86.Build.0 = Debug|Win32
		{F0A00B26-7E1C-4EF5-A7B0-5D734DD1C2E5}.Release|x64.ActiveCfg = Release|x64
		{F0A00B26-7E1C-4EF5-A7B0-5D734DD1C2E5}.Release|x64.Build.0 = Release|x64
		{F0A00B26-7E1C-4EF5-A7B0-5D734DD1C2E5}.Release|x86.ActiveCfg = Release|Win32
		{F0A00B26-7E1C-4EF5-A7B0-5D734DD1C2E5}.Release|x86.Build.0 = Release|Win32
	EndGlobalSection
	GlobalSection(SolutionProperties) = preSolution
		HideSolutionNode = FALSE
	EndGlobalSection
	GlobalSection(NestedProjects) = preSolution
		{E4E9F91C-E1DD-49EA-9773-373ABE3FBAC4} = {91A28989-465E-4DCE-8769-180486DD9C19}
		{B47CE86F-DDFE-43AF-BC11-8991F741F3A4} = {91A28989-465E-4DCE-8769-180486DD9C19}
		{1E0C301E-4C6F-468E-A91E-2E55730A296F} = {91A28989-465E-4DCE-8769-180486DD9C19}
		{01B811B6-336E-49AD-B836-7C25DBCD7CE6} = {91A28989-465E-4DCE-8769-180486DD9C19}
		{9CA55C16-3C88-4D99-93A6-5A866778E717} = {91A28989-465E-4DCE-8769-180486DD9C19}
		{A8709B4B-640F-4593-A431-DB453F4076E5} = {91A28989-465E-4DCE-8769-180486DD9C19}
		{4D41689B-1DF6-473C-8372-C186431B93A4} = {91A28989-465E-4DCE-8769-180486DD9C19}
		{F2BD6227-B9BF-4658-A72F-3A8CA514A847} = {91A28989-465E-4DCE-8769-180486DD9C19}
		{F1C61470-7860-4D03-B90F-78C892AC0CF7} = {91A28989-465E-4DCE-8769-180486DD9C19}
		{849CE42E-6457-4C6D-8BA0-854932A2AEDB} = {91A28989-465E-4DCE-8769-180486DD9C19}
		{6BF8AA31-E6E9-4DC1-B721-20727F7D96CB} = {9A0E759B-74A2-43AC-9774-2A8BA7A86197}
		{295EDF31-49B6-48E3-B7C5-377C60665A78} = {9A0E759B-74A2-43AC-9774-2A8BA7A86197}
		{E5A2B45E-7D69-4B6D-B23F-D9127B168877} = {9A0E759B-74A2-43AC-9774-2A8BA7A86197}
		{1EE00A35-2F4A-45D0-8C75-80B936818A76} = {9A0E759B-74A2-43AC-9774-2A8BA7A86197}
		{F8E8DC22-C9EB-4274-BBC9-011D4106F84D} = {91A28989-465E-4DCE-8769-180486DD9C19}
		{B9CB47A9-980C-45B2-92D1-A67801B28CB5} = {9A0E759B-74A2-43AC-9774-2A8BA7A86197}
		{98A19AA9-DDD3-42B4-92C5-C0E2681A480D} = {91A28989-465E-4DCE-8769-180486DD9C19}
		{35DDB613-6C23-4B17-9B1A-643C91B09A16} = {9A0E759B-74A2-43AC-9774-2A8BA7A86197}
	EndGlobalSection
	GlobalSection(ExtensibilityGlobals) = postSolution
		SolutionGuid = {203D556F-DFBA-4942-8EDE-A717D34DBEEB}
	EndGlobalSection
EndGlobal
