<?xml version="1.0" encoding="utf-8"?>
<Project ToolsVersion="4.0" xmlns="http://schemas.microsoft.com/developer/msbuild/2003">
  <ItemGroup>
    <Filter Include="Source Files">
      <UniqueIdentifier>{4FC737F1-C7A5-4376-A066-2A32D752A2FF}</UniqueIdentifier>
      <Extensions>cpp;c;cc;cxx;c++;def;odl;idl;hpj;bat;asm;asmx</Extensions>
    </Filter>
    <Filter Include="Header Files">
      <UniqueIdentifier>{93995380-89BD-4b04-88EB-625FBE52EBFB}</UniqueIdentifier>
      <Extensions>h;hh;hpp;hxx;h++;hm;inl;inc;ipp;xsd</Extensions>
    </Filter>
    <Filter Include="Resource Files">
      <UniqueIdentifier>{67DA6AB6-F800-4c08-8B7A-83BB121AAD01}</UniqueIdentifier>
      <Extensions>rc;ico;cur;bmp;dlg;rc2;rct;bin;rgs;gif;jpg;jpeg;jpe;resx;tiff;tif;png;wav;mfcribbon-ms</Extensions>
    </Filter>
    <Filter Include="app">
      <UniqueIdentifier>{63763430-2e5f-4fbf-9346-45f07baecf64}</UniqueIdentifier>
    </Filter>
    <Filter Include="blink_impl">
      <UniqueIdentifier>{5068c4de-ed3b-4d9c-8bc7-83df706ecbeb}</UniqueIdentifier>
    </Filter>
    <Filter Include="crawler">
      <UniqueIdentifier>{3a177303-de28-45d9-a7b7-57e8a81e2aec}</UniqueIdentifier>
    </Filter>
    <Filter Include="crawler\dom">
      <UniqueIdentifier>{5734710b-fcbf-452f-b9de-b374a6498dda}</UniqueIdentifier>
    </Filter>
    <Filter Include="js">
      <UniqueIdentifier>{a0cca361-2b22-4783-b400-ec602e1eef80}</UniqueIdentifier>
    </Filter>
    <Filter Include="ui">
      <UniqueIdentifier>{82c3ccb8-480c-4a0a-aba8-a43cd33110cb}</UniqueIdentifier>
    </Filter>
    <Filter Include="loader">
      <UniqueIdentifier>{c4ad9db6-07a1-473b-9af1-194e093fc6c2}</UniqueIdentifier>
    </Filter>
    <Filter Include="loader\tasks">
      <UniqueIdentifier>{fe78d12c-5980-4506-b36c-03d39e5a6227}</UniqueIdentifier>
    </Filter>
  </ItemGroup>
  <ItemGroup>
    <ClCompile Include="..\_pch.cpp">
      <Filter>Source Files</Filter>
    </ClCompile>
    <ClCompile Include="..\..\..\src\blinkit\app\app_impl.cpp">
      <Filter>app</Filter>
    </ClCompile>
    <ClCompile Include="..\..\..\src\blinkit\app\win_app.cpp">
      <Filter>app</Filter>
    </ClCompile>
    <ClCompile Include="..\..\..\src\blinkit\blink_impl\local_frame_client_impl.cpp">
      <Filter>blink_impl</Filter>
    </ClCompile>
    <ClCompile Include="..\..\..\src\blinkit\blink_impl\thread_impl.cpp">
      <Filter>blink_impl</Filter>
    </ClCompile>
    <ClCompile Include="..\..\..\src\blinkit\blink_impl\url_loader_impl.cpp">
      <Filter>blink_impl</Filter>
    </ClCompile>
    <ClCompile Include="..\..\..\src\blinkit\blink_impl\win_single_thread_task_runner.cpp">
      <Filter>blink_impl</Filter>
    </ClCompile>
    <ClCompile Include="..\..\..\src\blinkit\blink_impl\win_thread.cpp">
      <Filter>blink_impl</Filter>
    </ClCompile>
    <ClCompile Include="..\..\..\src\blinkit\crawler\cookie_jar_impl.cpp">
      <Filter>crawler</Filter>
    </ClCompile>
    <ClCompile Include="..\..\..\src\blinkit\crawler\crawler_impl.cpp">
      <Filter>crawler</Filter>
    </ClCompile>
    <ClCompile Include="..\..\..\src\blinkit\crawler\hijack_response.cpp">
      <Filter>crawler</Filter>
    </ClCompile>
    <ClCompile Include="..\..\..\src\blinkit\crawler\dom\crawler_document.cpp">
      <Filter>crawler\dom</Filter>
    </ClCompile>
    <ClCompile Include="..\..\..\src\blinkit\crawler\dom\crawler_element.cpp">
      <Filter>crawler\dom</Filter>
    </ClCompile>
    <ClCompile Include="..\..\..\src\blinkit\crawler\dom\crawler_script_element.cpp">
      <Filter>crawler\dom</Filter>
    </ClCompile>
    <ClCompile Include="..\..\..\src\blinkit\js\context_impl.cpp">
      <Filter>js</Filter>
    </ClCompile>
    <ClCompile Include="..\..\..\src\blinkit\js\function_manager.cpp">
      <Filter>js</Filter>
    </ClCompile>
    <ClCompile Include="..\..\..\src\blinkit\js\heap_retained.cpp">
      <Filter>js</Filter>
    </ClCompile>
    <ClCompile Include="..\..\..\src\blinkit\js\js_callee_context_impl.cpp">
      <Filter>js</Filter>
    </ClCompile>
    <ClCompile Include="..\..\..\src\blinkit\js\js_caller_context_impl.cpp">
      <Filter>js</Filter>
    </ClCompile>
    <ClCompile Include="..\..\..\src\blinkit\js\js_value_impl.cpp">
      <Filter>js</Filter>
    </ClCompile>
    <ClCompile Include="..\..\..\src\blinkit\js\browser_context.cpp">
      <Filter>js</Filter>
    </ClCompile>
    <ClCompile Include="..\..\..\src\blinkit\js\crawler_context.cpp">
      <Filter>js</Filter>
    </ClCompile>
    <ClCompile Include="..\..\..\src\blinkit\js\simple_context.cpp">
      <Filter>js</Filter>
    </ClCompile>
    <ClCompile Include="..\..\..\src\blinkit\ui\web_view_impl.cpp">
      <Filter>ui</Filter>
    </ClCompile>
    <ClCompile Include="..\..\..\src\blinkit\ui\win_web_view.cpp">
      <Filter>ui</Filter>
    </ClCompile>
    <ClCompile Include="..\..\..\src\blinkit\app\heap_storage.cpp">
      <Filter>app</Filter>
    </ClCompile>
    <ClCompile Include="..\..\..\src\blinkit\loader\loader_task.cpp">
      <Filter>loader</Filter>
    </ClCompile>
    <ClCompile Include="..\..\..\src\blinkit\loader\tasks\http_loader_task.cpp">
      <Filter>loader\tasks</Filter>
    </ClCompile>
    <ClCompile Include="..\..\..\src\blinkit\loader\loader_thread.cpp">
      <Filter>loader</Filter>
    </ClCompile>
    <ClCompile Include="..\..\..\src\blinkit\loader\win_loader_thread.cpp">
      <Filter>loader</Filter>
    </ClCompile>
    <ClCompile Include="..\..\..\src\blinkit\loader\tasks\res_loader_task.cpp">
      <Filter>loader\tasks</Filter>
    </ClCompile>
    <ClCompile Include="..\..\..\src\blinkit\loader\tasks\res_loader_task_win.cpp">
      <Filter>loader\tasks</Filter>
    </ClCompile>
  </ItemGroup>
  <ItemGroup>
    <ClInclude Include="..\..\..\src\blinkit\_pc.h">
      <Filter>Header Files</Filter>
    </ClInclude>
    <ClInclude Include="..\..\..\src\blinkit\app\app_impl.h">
      <Filter>app</Filter>
    </ClInclude>
    <ClInclude Include="..\..\..\src\blinkit\app\win_app.h">
      <Filter>app</Filter>
    </ClInclude>
    <ClInclude Include="..\..\..\src\blinkit\blink_impl\local_frame_client_impl.h">
      <Filter>blink_impl</Filter>
    </ClInclude>
    <ClInclude Include="..\..\..\src\blinkit\blink_impl\thread_impl.h">
      <Filter>blink_impl</Filter>
    </ClInclude>
    <ClInclude Include="..\..\..\src\blinkit\blink_impl\url_loader_impl.h">
      <Filter>blink_impl</Filter>
    </ClInclude>
    <ClInclude Include="..\..\..\src\blinkit\blink_impl\win_single_thread_task_runner.h">
      <Filter>blink_impl</Filter>
    </ClInclude>
    <ClInclude Include="..\..\..\src\blinkit\blink_impl\win_thread.h">
      <Filter>blink_impl</Filter>
    </ClInclude>
    <ClInclude Include="..\..\..\src\blinkit\crawler\cookie_jar_impl.h">
      <Filter>crawler</Filter>
    </ClInclude>
    <ClInclude Include="..\..\..\src\blinkit\crawler\crawler_impl.h">
      <Filter>crawler</Filter>
    </ClInclude>
    <ClInclude Include="..\..\..\src\blinkit\crawler\hijack_response.h">
      <Filter>crawler</Filter>
    </ClInclude>
    <ClInclude Include="..\..\..\src\blinkit\crawler\dom\crawler_document.h">
      <Filter>crawler\dom</Filter>
    </ClInclude>
    <ClInclude Include="..\..\..\src\blinkit\crawler\dom\crawler_element.h">
      <Filter>crawler\dom</Filter>
    </ClInclude>
    <ClInclude Include="..\..\..\src\blinkit\crawler\dom\crawler_script_element.h">
      <Filter>crawler\dom</Filter>
    </ClInclude>
    <ClInclude Include="..\..\..\src\blinkit\js\context_impl.h">
      <Filter>js</Filter>
    </ClInclude>
    <ClInclude Include="..\..\..\src\blinkit\js\function_manager.h">
      <Filter>js</Filter>
    </ClInclude>
    <ClInclude Include="..\..\..\src\blinkit\js\heap_retained.h">
      <Filter>js</Filter>
    </ClInclude>
    <ClInclude Include="..\..\..\src\blinkit\js\js_callee_context_impl.h">
      <Filter>js</Filter>
    </ClInclude>
    <ClInclude Include="..\..\..\src\blinkit\js\js_caller_context_impl.h">
      <Filter>js</Filter>
    </ClInclude>
    <ClInclude Include="..\..\..\src\blinkit\js\js_value_impl.h">
      <Filter>js</Filter>
    </ClInclude>
    <ClInclude Include="..\..\..\src\blinkit\js\browser_context.h">
      <Filter>js</Filter>
    </ClInclude>
    <ClInclude Include="..\..\..\src\blinkit\js\crawler_context.h">
      <Filter>js</Filter>
    </ClInclude>
    <ClInclude Include="..\..\..\src\blinkit\js\simple_context.h">
      <Filter>js</Filter>
    </ClInclude>
    <ClInclude Include="resource.h">
      <Filter>Header Files</Filter>
    </ClInclude>
    <ClInclude Include="..\..\..\sdk\include\bk.hpp">
      <Filter>Header Files</Filter>
    </ClInclude>
    <ClInclude Include="..\..\..\sdk\include\bk_app.h">
      <Filter>Header Files</Filter>
    </ClInclude>
    <ClInclude Include="..\..\..\sdk\include\bk_crawler.h">
      <Filter>Header Files</Filter>
    </ClInclude>
    <ClInclude Include="..\..\..\sdk\include\bk_def.h">
      <Filter>Header Files</Filter>
    </ClInclude>
    <ClInclude Include="..\..\..\sdk\include\bk_js.h">
      <Filter>Header Files</Filter>
    </ClInclude>
    <ClInclude Include="..\..\..\sdk\include\bk_ui.h">
      <Filter>Header Files</Filter>
    </ClInclude>
    <ClInclude Include="..\..\..\src\blinkit\ui\web_view_impl.h">
      <Filter>ui</Filter>
    </ClInclude>
    <ClInclude Include="..\..\..\src\blinkit\ui\win_web_view.h">
      <Filter>ui</Filter>
    </ClInclude>
    <ClInclude Include="..\..\..\src\blinkit\app\heap_storage.h">
      <Filter>app</Filter>
    </ClInclude>
    <ClInclude Include="..\..\..\src\blinkit\loader\loader_task.h">
      <Filter>loader</Filter>
    </ClInclude>
    <ClInclude Include="..\..\..\src\blinkit\loader\tasks\http_loader_task.h">
      <Filter>loader\tasks</Filter>
    </ClInclude>
    <ClInclude Include="..\..\..\src\blinkit\loader\loader_thread.h">
      <Filter>loader</Filter>
    </ClInclude>
    <ClInclude Include="..\..\..\src\blinkit\loader\win_loader_thread.h">
      <Filter>loader</Filter>
    </ClInclude>
    <ClInclude Include="..\..\..\src\blinkit\loader\tasks\res_loader_task.h">
      <Filter>loader\tasks</Filter>
    </ClInclude>
  </ItemGroup>
  <ItemGroup>
    <None Include="BlinKit.def">
      <Filter>Source Files</Filter>
    </None>
  </ItemGroup>
  <ItemGroup>
    <ResourceCompile Include="BlinKit.rc">
      <Filter>Resource Files</Filter>
    </ResourceCompile>
  </ItemGroup>
</Project>