<?xml version="1.0" encoding="utf-8"?>
<Project ToolsVersion="4.0" xmlns="http://schemas.microsoft.com/developer/msbuild/2003">
  <ItemGroup>
    <Filter Include="Source Files">
      <UniqueIdentifier>{4FC737F1-C7A5-4376-A066-2A32D752A2FF}</UniqueIdentifier>
      <Extensions>cpp;c;cc;cxx;def;odl;idl;hpj;bat;asm;asmx</Extensions>
    </Filter>
    <Filter Include="Header Files">
      <UniqueIdentifier>{93995380-89BD-4b04-88EB-625FBE52EBFB}</UniqueIdentifier>
      <Extensions>h;hh;hpp;hxx;hm;inl;inc;ipp;xsd</Extensions>
    </Filter>
    <Filter Include="style">
      <UniqueIdentifier>{2ae65b34-ec8a-4c9c-a014-1293d0fc3f04}</UniqueIdentifier>
    </Filter>
    <Filter Include="layout">
      <UniqueIdentifier>{b8d51414-599a-4eff-9d15-36820cecc161}</UniqueIdentifier>
    </Filter>
    <Filter Include="layout\svg">
      <UniqueIdentifier>{c3a6dfb6-3484-42fe-9ae5-6099f18f1bba}</UniqueIdentifier>
    </Filter>
    <Filter Include="svg">
      <UniqueIdentifier>{594d560d-9b95-4cd3-b5ec-84206660878b}</UniqueIdentifier>
    </Filter>
    <Filter Include="svg\animation">
      <UniqueIdentifier>{bd1d606b-c3f8-490d-97a2-cd892172e6e2}</UniqueIdentifier>
    </Filter>
    <Filter Include="svg\graphics">
      <UniqueIdentifier>{ad5164ad-4f4c-4de6-8e6a-aae7b4bcdaac}</UniqueIdentifier>
    </Filter>
    <Filter Include="svg\graphics\filters">
      <UniqueIdentifier>{14ffa9b6-1f96-41a5-9086-bcfb3bf35799}</UniqueIdentifier>
    </Filter>
    <Filter Include="svg\properties">
      <UniqueIdentifier>{3e78e499-bb10-4859-923c-80dc1663ca76}</UniqueIdentifier>
    </Filter>
  </ItemGroup>
  <ItemGroup>
    <ClCompile Include="..\_pch.cpp">
      <Filter>Source Files</Filter>
    </ClCompile>
    <ClCompile Include="..\..\..\src\chromium\third_party\WebKit\Source\core\style\SVGComputedStyle.cpp">
      <Filter>style</Filter>
    </ClCompile>
    <ClCompile Include="..\..\..\src\chromium\third_party\WebKit\Source\core\style\SVGComputedStyleDefs.cpp">
      <Filter>style</Filter>
    </ClCompile>
    <ClCompile Include="..\..\..\src\chromium\third_party\WebKit\Source\core\layout\svg\LayoutSVGBlock.cpp">
      <Filter>layout\svg</Filter>
    </ClCompile>
    <ClCompile Include="..\..\..\src\chromium\third_party\WebKit\Source\core\layout\svg\LayoutSVGContainer.cpp">
      <Filter>layout\svg</Filter>
    </ClCompile>
    <ClCompile Include="..\..\..\src\chromium\third_party\WebKit\Source\core\layout\svg\LayoutSVGEllipse.cpp">
      <Filter>layout\svg</Filter>
    </ClCompile>
    <ClCompile Include="..\..\..\src\chromium\third_party\WebKit\Source\core\layout\svg\LayoutSVGForeignObject.cpp">
      <Filter>layout\svg</Filter>
    </ClCompile>
    <ClCompile Include="..\..\..\src\chromium\third_party\WebKit\Source\core\layout\svg\LayoutSVGGradientStop.cpp">
      <Filter>layout\svg</Filter>
    </ClCompile>
    <ClCompile Include="..\..\..\src\chromium\third_party\WebKit\Source\core\layout\svg\LayoutSVGHiddenContainer.cpp">
      <Filter>layout\svg</Filter>
    </ClCompile>
    <ClCompile Include="..\..\..\src\chromium\third_party\WebKit\Source\core\layout\svg\LayoutSVGImage.cpp">
      <Filter>layout\svg</Filter>
    </ClCompile>
    <ClCompile Include="..\..\..\src\chromium\third_party\WebKit\Source\core\layout\svg\LayoutSVGInline.cpp">
      <Filter>layout\svg</Filter>
    </ClCompile>
    <ClCompile Include="..\..\..\src\chromium\third_party\WebKit\Source\core\layout\svg\LayoutSVGInlineText.cpp">
      <Filter>layout\svg</Filter>
    </ClCompile>
    <ClCompile Include="..\..\..\src\chromium\third_party\WebKit\Source\core\layout\svg\LayoutSVGModelObject.cpp">
      <Filter>layout\svg</Filter>
    </ClCompile>
    <ClCompile Include="..\..\..\src\chromium\third_party\WebKit\Source\core\layout\svg\LayoutSVGPath.cpp">
      <Filter>layout\svg</Filter>
    </ClCompile>
    <ClCompile Include="..\..\..\src\chromium\third_party\WebKit\Source\core\layout\svg\LayoutSVGRect.cpp">
      <Filter>layout\svg</Filter>
    </ClCompile>
    <ClCompile Include="..\..\..\src\chromium\third_party\WebKit\Source\core\layout\svg\LayoutSVGResourceClipper.cpp">
      <Filter>layout\svg</Filter>
    </ClCompile>
    <ClCompile Include="..\..\..\src\chromium\third_party\WebKit\Source\core\layout\svg\LayoutSVGResourceContainer.cpp">
      <Filter>layout\svg</Filter>
    </ClCompile>
    <ClCompile Include="..\..\..\src\chromium\third_party\WebKit\Source\core\layout\svg\LayoutSVGResourceFilter.cpp">
      <Filter>layout\svg</Filter>
    </ClCompile>
    <ClCompile Include="..\..\..\src\chromium\third_party\WebKit\Source\core\layout\svg\LayoutSVGResourceFilterPrimitive.cpp">
      <Filter>layout\svg</Filter>
    </ClCompile>
    <ClCompile Include="..\..\..\src\chromium\third_party\WebKit\Source\core\layout\svg\LayoutSVGResourceGradient.cpp">
      <Filter>layout\svg</Filter>
    </ClCompile>
    <ClCompile Include="..\..\..\src\chromium\third_party\WebKit\Source\core\layout\svg\LayoutSVGResourceLinearGradient.cpp">
      <Filter>layout\svg</Filter>
    </ClCompile>
    <ClCompile Include="..\..\..\src\chromium\third_party\WebKit\Source\core\layout\svg\LayoutSVGResourceMarker.cpp">
      <Filter>layout\svg</Filter>
    </ClCompile>
    <ClCompile Include="..\..\..\src\chromium\third_party\WebKit\Source\core\layout\svg\LayoutSVGResourceMasker.cpp">
      <Filter>layout\svg</Filter>
    </ClCompile>
    <ClCompile Include="..\..\..\src\chromium\third_party\WebKit\Source\core\layout\svg\LayoutSVGResourcePaintServer.cpp">
      <Filter>layout\svg</Filter>
    </ClCompile>
    <ClCompile Include="..\..\..\src\chromium\third_party\WebKit\Source\core\layout\svg\LayoutSVGResourcePattern.cpp">
      <Filter>layout\svg</Filter>
    </ClCompile>
    <ClCompile Include="..\..\..\src\chromium\third_party\WebKit\Source\core\layout\svg\LayoutSVGResourceRadialGradient.cpp">
      <Filter>layout\svg</Filter>
    </ClCompile>
    <ClCompile Include="..\..\..\src\chromium\third_party\WebKit\Source\core\layout\svg\LayoutSVGRoot.cpp">
      <Filter>layout\svg</Filter>
    </ClCompile>
    <ClCompile Include="..\..\..\src\chromium\third_party\WebKit\Source\core\layout\svg\LayoutSVGShape.cpp">
      <Filter>layout\svg</Filter>
    </ClCompile>
    <ClCompile Include="..\..\..\src\chromium\third_party\WebKit\Source\core\layout\svg\LayoutSVGText.cpp">
      <Filter>layout\svg</Filter>
    </ClCompile>
    <ClCompile Include="..\..\..\src\chromium\third_party\WebKit\Source\core\layout\svg\LayoutSVGTextPath.cpp">
      <Filter>layout\svg</Filter>
    </ClCompile>
    <ClCompile Include="..\..\..\src\chromium\third_party\WebKit\Source\core\layout\svg\LayoutSVGTransformableContainer.cpp">
      <Filter>layout\svg</Filter>
    </ClCompile>
    <ClCompile Include="..\..\..\src\chromium\third_party\WebKit\Source\core\layout\svg\LayoutSVGTSpan.cpp">
      <Filter>layout\svg</Filter>
    </ClCompile>
    <ClCompile Include="..\..\..\src\chromium\third_party\WebKit\Source\core\layout\svg\LayoutSVGViewportContainer.cpp">
      <Filter>layout\svg</Filter>
    </ClCompile>
    <ClCompile Include="..\..\..\src\chromium\third_party\WebKit\Source\core\layout\svg\ReferenceFilterBuilder.cpp">
      <Filter>layout\svg</Filter>
    </ClCompile>
    <ClCompile Include="..\..\..\src\chromium\third_party\WebKit\Source\core\layout\svg\SVGLayoutSupport.cpp">
      <Filter>layout\svg</Filter>
    </ClCompile>
    <ClCompile Include="..\..\..\src\chromium\third_party\WebKit\Source\core\layout\svg\SVGLayoutTreeAsText.cpp">
      <Filter>layout\svg</Filter>
    </ClCompile>
    <ClCompile Include="..\..\..\src\chromium\third_party\WebKit\Source\core\layout\svg\SVGResources.cpp">
      <Filter>layout\svg</Filter>
    </ClCompile>
    <ClCompile Include="..\..\..\src\chromium\third_party\WebKit\Source\core\layout\svg\SVGResourcesCache.cpp">
      <Filter>layout\svg</Filter>
    </ClCompile>
    <ClCompile Include="..\..\..\src\chromium\third_party\WebKit\Source\core\layout\svg\SVGResourcesCycleSolver.cpp">
      <Filter>layout\svg</Filter>
    </ClCompile>
    <ClCompile Include="..\..\..\src\chromium\third_party\WebKit\Source\core\layout\svg\SVGTextChunkBuilder.cpp">
      <Filter>layout\svg</Filter>
    </ClCompile>
    <ClCompile Include="..\..\..\src\chromium\third_party\WebKit\Source\core\layout\svg\SVGTextLayoutAttributes.cpp">
      <Filter>layout\svg</Filter>
    </ClCompile>
    <ClCompile Include="..\..\..\src\chromium\third_party\WebKit\Source\core\layout\svg\SVGTextLayoutAttributesBuilder.cpp">
      <Filter>layout\svg</Filter>
    </ClCompile>
    <ClCompile Include="..\..\..\src\chromium\third_party\WebKit\Source\core\layout\svg\SVGTextLayoutEngine.cpp">
      <Filter>layout\svg</Filter>
    </ClCompile>
    <ClCompile Include="..\..\..\src\chromium\third_party\WebKit\Source\core\layout\svg\SVGTextLayoutEngineBaseline.cpp">
      <Filter>layout\svg</Filter>
    </ClCompile>
    <ClCompile Include="..\..\..\src\chromium\third_party\WebKit\Source\core\layout\svg\SVGTextLayoutEngineSpacing.cpp">
      <Filter>layout\svg</Filter>
    </ClCompile>
    <ClCompile Include="..\..\..\src\chromium\third_party\WebKit\Source\core\layout\svg\SVGTextMetrics.cpp">
      <Filter>layout\svg</Filter>
    </ClCompile>
    <ClCompile Include="..\..\..\src\chromium\third_party\WebKit\Source\core\layout\svg\SVGTextMetricsBuilder.cpp">
      <Filter>layout\svg</Filter>
    </ClCompile>
    <ClCompile Include="..\..\..\src\chromium\third_party\WebKit\Source\core\layout\svg\SVGTextQuery.cpp">
      <Filter>layout\svg</Filter>
    </ClCompile>
    <ClCompile Include="..\..\..\src\chromium\third_party\WebKit\Source\core\svg\ColorDistance.cpp">
      <Filter>svg</Filter>
    </ClCompile>
    <ClCompile Include="..\..\..\src\chromium\third_party\WebKit\Source\core\svg\SVGAElement.cpp">
      <Filter>svg</Filter>
    </ClCompile>
    <ClCompile Include="..\..\..\src\chromium\third_party\WebKit\Source\core\svg\SVGAngle.cpp">
      <Filter>svg</Filter>
    </ClCompile>
    <ClCompile Include="..\..\..\src\chromium\third_party\WebKit\Source\core\svg\SVGAngleTearOff.cpp">
      <Filter>svg</Filter>
    </ClCompile>
    <ClCompile Include="..\..\..\src\chromium\third_party\WebKit\Source\core\svg\SVGAnimatedAngle.cpp">
      <Filter>svg</Filter>
    </ClCompile>
    <ClCompile Include="..\..\..\src\chromium\third_party\WebKit\Source\core\svg\SVGAnimatedColor.cpp">
      <Filter>svg</Filter>
    </ClCompile>
    <ClCompile Include="..\..\..\src\chromium\third_party\WebKit\Source\core\svg\SVGAnimatedEnumerationBase.cpp">
      <Filter>svg</Filter>
    </ClCompile>
    <ClCompile Include="..\..\..\src\chromium\third_party\WebKit\Source\core\svg\SVGAnimatedInteger.cpp">
      <Filter>svg</Filter>
    </ClCompile>
    <ClCompile Include="..\..\..\src\chromium\third_party\WebKit\Source\core\svg\SVGAnimatedIntegerOptionalInteger.cpp">
      <Filter>svg</Filter>
    </ClCompile>
    <ClCompile Include="..\..\..\src\chromium\third_party\WebKit\Source\core\svg\SVGAnimatedLength.cpp">
      <Filter>svg</Filter>
    </ClCompile>
    <ClCompile Include="..\..\..\src\chromium\third_party\WebKit\Source\core\svg\SVGAnimatedNumber.cpp">
      <Filter>svg</Filter>
    </ClCompile>
    <ClCompile Include="..\..\..\src\chromium\third_party\WebKit\Source\core\svg\SVGAnimatedNumberOptionalNumber.cpp">
      <Filter>svg</Filter>
    </ClCompile>
    <ClCompile Include="..\..\..\src\chromium\third_party\WebKit\Source\core\svg\SVGAnimatedPath.cpp">
      <Filter>svg</Filter>
    </ClCompile>
    <ClCompile Include="..\..\..\src\chromium\third_party\WebKit\Source\core\svg\SVGAnimatedString.cpp">
      <Filter>svg</Filter>
    </ClCompile>
    <ClCompile Include="..\..\..\src\chromium\third_party\WebKit\Source\core\svg\SVGAnimatedTypeAnimator.cpp">
      <Filter>svg</Filter>
    </ClCompile>
    <ClCompile Include="..\..\..\src\chromium\third_party\WebKit\Source\core\svg\SVGAnimateElement.cpp">
      <Filter>svg</Filter>
    </ClCompile>
    <ClCompile Include="..\..\..\src\chromium\third_party\WebKit\Source\core\svg\SVGAnimateMotionElement.cpp">
      <Filter>svg</Filter>
    </ClCompile>
    <ClCompile Include="..\..\..\src\chromium\third_party\WebKit\Source\core\svg\SVGAnimateTransformElement.cpp">
      <Filter>svg</Filter>
    </ClCompile>
    <ClCompile Include="..\..\..\src\chromium\third_party\WebKit\Source\core\svg\SVGAnimationElement.cpp">
      <Filter>svg</Filter>
    </ClCompile>
    <ClCompile Include="..\..\..\src\chromium\third_party\WebKit\Source\core\svg\SVGBoolean.cpp">
      <Filter>svg</Filter>
    </ClCompile>
    <ClCompile Include="..\..\..\src\chromium\third_party\WebKit\Source\core\svg\SVGCircleElement.cpp">
      <Filter>svg</Filter>
    </ClCompile>
    <ClCompile Include="..\..\..\src\chromium\third_party\WebKit\Source\core\svg\SVGClipPathElement.cpp">
      <Filter>svg</Filter>
    </ClCompile>
    <ClCompile Include="..\..\..\src\chromium\third_party\WebKit\Source\core\svg\SVGComponentTransferFunctionElement.cpp">
      <Filter>svg</Filter>
    </ClCompile>
    <ClCompile Include="..\..\..\src\chromium\third_party\WebKit\Source\core\svg\SVGCursorElement.cpp">
      <Filter>svg</Filter>
    </ClCompile>
    <ClCompile Include="..\..\..\src\chromium\third_party\WebKit\Source\core\svg\SVGDefsElement.cpp">
      <Filter>svg</Filter>
    </ClCompile>
    <ClCompile Include="..\..\..\src\chromium\third_party\WebKit\Source\core\svg\SVGDescElement.cpp">
      <Filter>svg</Filter>
    </ClCompile>
    <ClCompile Include="..\..\..\src\chromium\third_party\WebKit\Source\core\svg\SVGDiscardElement.cpp">
      <Filter>svg</Filter>
    </ClCompile>
    <ClCompile Include="..\..\..\src\chromium\third_party\WebKit\Source\core\svg\SVGDocumentExtensions.cpp">
      <Filter>svg</Filter>
    </ClCompile>
    <ClCompile Include="..\..\..\src\chromium\third_party\WebKit\Source\core\svg\SVGElement.cpp">
      <Filter>svg</Filter>
    </ClCompile>
    <ClCompile Include="..\..\..\src\chromium\third_party\WebKit\Source\core\svg\SVGElementRareData.cpp">
      <Filter>svg</Filter>
    </ClCompile>
    <ClCompile Include="..\..\..\src\chromium\third_party\WebKit\Source\core\svg\SVGEllipseElement.cpp">
      <Filter>svg</Filter>
    </ClCompile>
    <ClCompile Include="..\..\..\src\chromium\third_party\WebKit\Source\core\svg\SVGEnumeration.cpp">
      <Filter>svg</Filter>
    </ClCompile>
    <ClCompile Include="..\..\..\src\chromium\third_party\WebKit\Source\core\svg\SVGFEBlendElement.cpp">
      <Filter>svg</Filter>
    </ClCompile>
    <ClCompile Include="..\..\..\src\chromium\third_party\WebKit\Source\core\svg\SVGFEColorMatrixElement.cpp">
      <Filter>svg</Filter>
    </ClCompile>
    <ClCompile Include="..\..\..\src\chromium\third_party\WebKit\Source\core\svg\SVGFEComponentTransferElement.cpp">
      <Filter>svg</Filter>
    </ClCompile>
    <ClCompile Include="..\..\..\src\chromium\third_party\WebKit\Source\core\svg\SVGFECompositeElement.cpp">
      <Filter>svg</Filter>
    </ClCompile>
    <ClCompile Include="..\..\..\src\chromium\third_party\WebKit\Source\core\svg\SVGFEConvolveMatrixElement.cpp">
      <Filter>svg</Filter>
    </ClCompile>
    <ClCompile Include="..\..\..\src\chromium\third_party\WebKit\Source\core\svg\SVGFEDiffuseLightingElement.cpp">
      <Filter>svg</Filter>
    </ClCompile>
    <ClCompile Include="..\..\..\src\chromium\third_party\WebKit\Source\core\svg\SVGFEDisplacementMapElement.cpp">
      <Filter>svg</Filter>
    </ClCompile>
    <ClCompile Include="..\..\..\src\chromium\third_party\WebKit\Source\core\svg\SVGFEDistantLightElement.cpp">
      <Filter>svg</Filter>
    </ClCompile>
    <ClCompile Include="..\..\..\src\chromium\third_party\WebKit\Source\core\svg\SVGFEDropShadowElement.cpp">
      <Filter>svg</Filter>
    </ClCompile>
    <ClCompile Include="..\..\..\src\chromium\third_party\WebKit\Source\core\svg\SVGFEFloodElement.cpp">
      <Filter>svg</Filter>
    </ClCompile>
    <ClCompile Include="..\..\..\src\chromium\third_party\WebKit\Source\core\svg\SVGFEFuncAElement.cpp">
      <Filter>svg</Filter>
    </ClCompile>
    <ClCompile Include="..\..\..\src\chromium\third_party\WebKit\Source\core\svg\SVGFEFuncBElement.cpp">
      <Filter>svg</Filter>
    </ClCompile>
    <ClCompile Include="..\..\..\src\chromium\third_party\WebKit\Source\core\svg\SVGFEFuncGElement.cpp">
      <Filter>svg</Filter>
    </ClCompile>
    <ClCompile Include="..\..\..\src\chromium\third_party\WebKit\Source\core\svg\SVGFEFuncRElement.cpp">
      <Filter>svg</Filter>
    </ClCompile>
    <ClCompile Include="..\..\..\src\chromium\third_party\WebKit\Source\core\svg\SVGFEGaussianBlurElement.cpp">
      <Filter>svg</Filter>
    </ClCompile>
    <ClCompile Include="..\..\..\src\chromium\third_party\WebKit\Source\core\svg\SVGFEImageElement.cpp">
      <Filter>svg</Filter>
    </ClCompile>
    <ClCompile Include="..\..\..\src\chromium\third_party\WebKit\Source\core\svg\SVGFELightElement.cpp">
      <Filter>svg</Filter>
    </ClCompile>
    <ClCompile Include="..\..\..\src\chromium\third_party\WebKit\Source\core\svg\SVGFEMergeElement.cpp">
      <Filter>svg</Filter>
    </ClCompile>
    <ClCompile Include="..\..\..\src\chromium\third_party\WebKit\Source\core\svg\SVGFEMergeNodeElement.cpp">
      <Filter>svg</Filter>
    </ClCompile>
    <ClCompile Include="..\..\..\src\chromium\third_party\WebKit\Source\core\svg\SVGFEMorphologyElement.cpp">
      <Filter>svg</Filter>
    </ClCompile>
    <ClCompile Include="..\..\..\src\chromium\third_party\WebKit\Source\core\svg\SVGFEOffsetElement.cpp">
      <Filter>svg</Filter>
    </ClCompile>
    <ClCompile Include="..\..\..\src\chromium\third_party\WebKit\Source\core\svg\SVGFEPointLightElement.cpp">
      <Filter>svg</Filter>
    </ClCompile>
    <ClCompile Include="..\..\..\src\chromium\third_party\WebKit\Source\core\svg\SVGFESpecularLightingElement.cpp">
      <Filter>svg</Filter>
    </ClCompile>
    <ClCompile Include="..\..\..\src\chromium\third_party\WebKit\Source\core\svg\SVGFESpotLightElement.cpp">
      <Filter>svg</Filter>
    </ClCompile>
    <ClCompile Include="..\..\..\src\chromium\third_party\WebKit\Source\core\svg\SVGFETileElement.cpp">
      <Filter>svg</Filter>
    </ClCompile>
    <ClCompile Include="..\..\..\src\chromium\third_party\WebKit\Source\core\svg\SVGFETurbulenceElement.cpp">
      <Filter>svg</Filter>
    </ClCompile>
    <ClCompile Include="..\..\..\src\chromium\third_party\WebKit\Source\core\svg\SVGFilterElement.cpp">
      <Filter>svg</Filter>
    </ClCompile>
    <ClCompile Include="..\..\..\src\chromium\third_party\WebKit\Source\core\svg\SVGFilterPrimitiveStandardAttributes.cpp">
      <Filter>svg</Filter>
    </ClCompile>
    <ClCompile Include="..\..\..\src\chromium\third_party\WebKit\Source\core\svg\SVGFitToViewBox.cpp">
      <Filter>svg</Filter>
    </ClCompile>
    <ClCompile Include="..\..\..\src\chromium\third_party\WebKit\Source\core\svg\SVGForeignObjectElement.cpp">
      <Filter>svg</Filter>
    </ClCompile>
    <ClCompile Include="..\..\..\src\chromium\third_party\WebKit\Source\core\svg\SVGGElement.cpp">
      <Filter>svg</Filter>
    </ClCompile>
    <ClCompile Include="..\..\..\src\chromium\third_party\WebKit\Source\core\svg\SVGGeometryElement.cpp">
      <Filter>svg</Filter>
    </ClCompile>
    <ClCompile Include="..\..\..\src\chromium\third_party\WebKit\Source\core\svg\SVGGradientElement.cpp">
      <Filter>svg</Filter>
    </ClCompile>
    <ClCompile Include="..\..\..\src\chromium\third_party\WebKit\Source\core\svg\SVGGraphicsElement.cpp">
      <Filter>svg</Filter>
    </ClCompile>
    <ClCompile Include="..\..\..\src\chromium\third_party\WebKit\Source\core\svg\SVGImageElement.cpp">
      <Filter>svg</Filter>
    </ClCompile>
    <ClCompile Include="..\..\..\src\chromium\third_party\WebKit\Source\core\svg\SVGImageLoader.cpp">
      <Filter>svg</Filter>
    </ClCompile>
    <ClCompile Include="..\..\..\src\chromium\third_party\WebKit\Source\core\svg\SVGInteger.cpp">
      <Filter>svg</Filter>
    </ClCompile>
    <ClCompile Include="..\..\..\src\chromium\third_party\WebKit\Source\core\svg\SVGIntegerOptionalInteger.cpp">
      <Filter>svg</Filter>
    </ClCompile>
    <ClCompile Include="..\..\..\src\chromium\third_party\WebKit\Source\core\svg\SVGLength.cpp">
      <Filter>svg</Filter>
    </ClCompile>
    <ClCompile Include="..\..\..\src\chromium\third_party\WebKit\Source\core\svg\SVGLengthContext.cpp">
      <Filter>svg</Filter>
    </ClCompile>
    <ClCompile Include="..\..\..\src\chromium\third_party\WebKit\Source\core\svg\SVGLengthList.cpp">
      <Filter>svg</Filter>
    </ClCompile>
    <ClCompile Include="..\..\..\src\chromium\third_party\WebKit\Source\core\svg\SVGLengthTearOff.cpp">
      <Filter>svg</Filter>
    </ClCompile>
    <ClCompile Include="..\..\..\src\chromium\third_party\WebKit\Source\core\svg\SVGLinearGradientElement.cpp">
      <Filter>svg</Filter>
    </ClCompile>
    <ClCompile Include="..\..\..\src\chromium\third_party\WebKit\Source\core\svg\SVGLineElement.cpp">
      <Filter>svg</Filter>
    </ClCompile>
    <ClCompile Include="..\..\..\src\chromium\third_party\WebKit\Source\core\svg\SVGMarkerElement.cpp">
      <Filter>svg</Filter>
    </ClCompile>
    <ClCompile Include="..\..\..\src\chromium\third_party\WebKit\Source\core\svg\SVGMaskElement.cpp">
      <Filter>svg</Filter>
    </ClCompile>
    <ClCompile Include="..\..\..\src\chromium\third_party\WebKit\Source\core\svg\SVGMatrixTearOff.cpp">
      <Filter>svg</Filter>
    </ClCompile>
    <ClCompile Include="..\..\..\src\chromium\third_party\WebKit\Source\core\svg\SVGMetadataElement.cpp">
      <Filter>svg</Filter>
    </ClCompile>
    <ClCompile Include="..\..\..\src\chromium\third_party\WebKit\Source\core\svg\SVGMPathElement.cpp">
      <Filter>svg</Filter>
    </ClCompile>
    <ClCompile Include="..\..\..\src\chromium\third_party\WebKit\Source\core\svg\SVGNumber.cpp">
      <Filter>svg</Filter>
    </ClCompile>
    <ClCompile Include="..\..\..\src\chromium\third_party\WebKit\Source\core\svg\SVGNumberList.cpp">
      <Filter>svg</Filter>
    </ClCompile>
    <ClCompile Include="..\..\..\src\chromium\third_party\WebKit\Source\core\svg\SVGNumberOptionalNumber.cpp">
      <Filter>svg</Filter>
    </ClCompile>
    <ClCompile Include="..\..\..\src\chromium\third_party\WebKit\Source\core\svg\SVGNumberTearOff.cpp">
      <Filter>svg</Filter>
    </ClCompile>
    <ClCompile Include="..\..\..\src\chromium\third_party\WebKit\Source\core\svg\SVGParserUtilities.cpp">
      <Filter>svg</Filter>
    </ClCompile>
    <ClCompile Include="..\..\..\src\chromium\third_party\WebKit\Source\core\svg\SVGPath.cpp">
      <Filter>svg</Filter>
    </ClCompile>
    <ClCompile Include="..\..\..\src\chromium\third_party\WebKit\Source\core\svg\SVGPathBlender.cpp">
      <Filter>svg</Filter>
    </ClCompile>
    <ClCompile Include="..\..\..\src\chromium\third_party\WebKit\Source\core\svg\SVGPathBuilder.cpp">
      <Filter>svg</Filter>
    </ClCompile>
    <ClCompile Include="..\..\..\src\chromium\third_party\WebKit\Source\core\svg\SVGPathByteStreamBuilder.cpp">
      <Filter>svg</Filter>
    </ClCompile>
    <ClCompile Include="..\..\..\src\chromium\third_party\WebKit\Source\core\svg\SVGPathByteStreamSource.cpp">
      <Filter>svg</Filter>
    </ClCompile>
    <ClCompile Include="..\..\..\src\chromium\third_party\WebKit\Source\core\svg\SVGPathElement.cpp">
      <Filter>svg</Filter>
    </ClCompile>
    <ClCompile Include="..\..\..\src\chromium\third_party\WebKit\Source\core\svg\SVGPathParser.cpp">
      <Filter>svg</Filter>
    </ClCompile>
    <ClCompile Include="..\..\..\src\chromium\third_party\WebKit\Source\core\svg\SVGPathQuery.cpp">
      <Filter>svg</Filter>
    </ClCompile>
    <ClCompile Include="..\..\..\src\chromium\third_party\WebKit\Source\core\svg\SVGPathStringBuilder.cpp">
      <Filter>svg</Filter>
    </ClCompile>
    <ClCompile Include="..\..\..\src\chromium\third_party\WebKit\Source\core\svg\SVGPathStringSource.cpp">
      <Filter>svg</Filter>
    </ClCompile>
    <ClCompile Include="..\..\..\src\chromium\third_party\WebKit\Source\core\svg\SVGPathUtilities.cpp">
      <Filter>svg</Filter>
    </ClCompile>
    <ClCompile Include="..\..\..\src\chromium\third_party\WebKit\Source\core\svg\SVGPatternElement.cpp">
      <Filter>svg</Filter>
    </ClCompile>
    <ClCompile Include="..\..\..\src\chromium\third_party\WebKit\Source\core\svg\SVGPoint.cpp">
      <Filter>svg</Filter>
    </ClCompile>
    <ClCompile Include="..\..\..\src\chromium\third_party\WebKit\Source\core\svg\SVGPointList.cpp">
      <Filter>svg</Filter>
    </ClCompile>
    <ClCompile Include="..\..\..\src\chromium\third_party\WebKit\Source\core\svg\SVGPointTearOff.cpp">
      <Filter>svg</Filter>
    </ClCompile>
    <ClCompile Include="..\..\..\src\chromium\third_party\WebKit\Source\core\svg\SVGPolyElement.cpp">
      <Filter>svg</Filter>
    </ClCompile>
    <ClCompile Include="..\..\..\src\chromium\third_party\WebKit\Source\core\svg\SVGPolygonElement.cpp">
      <Filter>svg</Filter>
    </ClCompile>
    <ClCompile Include="..\..\..\src\chromium\third_party\WebKit\Source\core\svg\SVGPolylineElement.cpp">
      <Filter>svg</Filter>
    </ClCompile>
    <ClCompile Include="..\..\..\src\chromium\third_party\WebKit\Source\core\svg\SVGPreserveAspectRatio.cpp">
      <Filter>svg</Filter>
    </ClCompile>
    <ClCompile Include="..\..\..\src\chromium\third_party\WebKit\Source\core\svg\SVGPreserveAspectRatioTearOff.cpp">
      <Filter>svg</Filter>
    </ClCompile>
    <ClCompile Include="..\..\..\src\chromium\third_party\WebKit\Source\core\svg\SVGRadialGradientElement.cpp">
      <Filter>svg</Filter>
    </ClCompile>
    <ClCompile Include="..\..\..\src\chromium\third_party\WebKit\Source\core\svg\SVGRect.cpp">
      <Filter>svg</Filter>
    </ClCompile>
    <ClCompile Include="..\..\..\src\chromium\third_party\WebKit\Source\core\svg\SVGRectElement.cpp">
      <Filter>svg</Filter>
    </ClCompile>
    <ClCompile Include="..\..\..\src\chromium\third_party\WebKit\Source\core\svg\SVGRectTearOff.cpp">
      <Filter>svg</Filter>
    </ClCompile>
    <ClCompile Include="..\..\..\src\chromium\third_party\WebKit\Source\core\svg\SVGScriptElement.cpp">
      <Filter>svg</Filter>
    </ClCompile>
    <ClCompile Include="..\..\..\src\chromium\third_party\WebKit\Source\core\svg\SVGSetElement.cpp">
      <Filter>svg</Filter>
    </ClCompile>
    <ClCompile Include="..\..\..\src\chromium\third_party\WebKit\Source\core\svg\SVGStaticStringList.cpp">
      <Filter>svg</Filter>
    </ClCompile>
    <ClCompile Include="..\..\..\src\chromium\third_party\WebKit\Source\core\svg\SVGStopElement.cpp">
      <Filter>svg</Filter>
    </ClCompile>
    <ClCompile Include="..\..\..\src\chromium\third_party\WebKit\Source\core\svg\SVGString.cpp">
      <Filter>svg</Filter>
    </ClCompile>
    <ClCompile Include="..\..\..\src\chromium\third_party\WebKit\Source\core\svg\SVGStringList.cpp">
      <Filter>svg</Filter>
    </ClCompile>
    <ClCompile Include="..\..\..\src\chromium\third_party\WebKit\Source\core\svg\SVGStringListTearOff.cpp">
      <Filter>svg</Filter>
    </ClCompile>
    <ClCompile Include="..\..\..\src\chromium\third_party\WebKit\Source\core\svg\SVGStyleElement.cpp">
      <Filter>svg</Filter>
    </ClCompile>
    <ClCompile Include="..\..\..\src\chromium\third_party\WebKit\Source\core\svg\SVGSVGElement.cpp">
      <Filter>svg</Filter>
    </ClCompile>
    <ClCompile Include="..\..\..\src\chromium\third_party\WebKit\Source\core\svg\SVGSwitchElement.cpp">
      <Filter>svg</Filter>
    </ClCompile>
    <ClCompile Include="..\..\..\src\chromium\third_party\WebKit\Source\core\svg\SVGSymbolElement.cpp">
      <Filter>svg</Filter>
    </ClCompile>
    <ClCompile Include="..\..\..\src\chromium\third_party\WebKit\Source\core\svg\SVGTests.cpp">
      <Filter>svg</Filter>
    </ClCompile>
    <ClCompile Include="..\..\..\src\chromium\third_party\WebKit\Source\core\svg\SVGTextContentElement.cpp">
      <Filter>svg</Filter>
    </ClCompile>
    <ClCompile Include="..\..\..\src\chromium\third_party\WebKit\Source\core\svg\SVGTextElement.cpp">
      <Filter>svg</Filter>
    </ClCompile>
    <ClCompile Include="..\..\..\src\chromium\third_party\WebKit\Source\core\svg\SVGTextPathElement.cpp">
      <Filter>svg</Filter>
    </ClCompile>
    <ClCompile Include="..\..\..\src\chromium\third_party\WebKit\Source\core\svg\SVGTextPositioningElement.cpp">
      <Filter>svg</Filter>
    </ClCompile>
    <ClCompile Include="..\..\..\src\chromium\third_party\WebKit\Source\core\svg\SVGTitleElement.cpp">
      <Filter>svg</Filter>
    </ClCompile>
    <ClCompile Include="..\..\..\src\chromium\third_party\WebKit\Source\core\svg\SVGTransform.cpp">
      <Filter>svg</Filter>
    </ClCompile>
    <ClCompile Include="..\..\..\src\chromium\third_party\WebKit\Source\core\svg\SVGTransformDistance.cpp">
      <Filter>svg</Filter>
    </ClCompile>
    <ClCompile Include="..\..\..\src\chromium\third_party\WebKit\Source\core\svg\SVGTransformList.cpp">
      <Filter>svg</Filter>
    </ClCompile>
    <ClCompile Include="..\..\..\src\chromium\third_party\WebKit\Source\core\svg\SVGTransformListTearOff.cpp">
      <Filter>svg</Filter>
    </ClCompile>
    <ClCompile Include="..\..\..\src\chromium\third_party\WebKit\Source\core\svg\SVGTransformTearOff.cpp">
      <Filter>svg</Filter>
    </ClCompile>
    <ClCompile Include="..\..\..\src\chromium\third_party\WebKit\Source\core\svg\SVGTSpanElement.cpp">
      <Filter>svg</Filter>
    </ClCompile>
    <ClCompile Include="..\..\..\src\chromium\third_party\WebKit\Source\core\svg\SVGUnitTypes.cpp">
      <Filter>svg</Filter>
    </ClCompile>
    <ClCompile Include="..\..\..\src\chromium\third_party\WebKit\Source\core\svg\SVGUnknownElement.cpp">
      <Filter>svg</Filter>
    </ClCompile>
    <ClCompile Include="..\..\..\src\chromium\third_party\WebKit\Source\core\svg\SVGURIReference.cpp">
      <Filter>svg</Filter>
    </ClCompile>
    <ClCompile Include="..\..\..\src\chromium\third_party\WebKit\Source\core\svg\SVGUseElement.cpp">
      <Filter>svg</Filter>
    </ClCompile>
    <ClCompile Include="..\..\..\src\chromium\third_party\WebKit\Source\core\svg\SVGViewElement.cpp">
      <Filter>svg</Filter>
    </ClCompile>
    <ClCompile Include="..\..\..\src\chromium\third_party\WebKit\Source\core\svg\SVGViewSpec.cpp">
      <Filter>svg</Filter>
    </ClCompile>
    <ClCompile Include="..\..\..\src\chromium\third_party\WebKit\Source\core\svg\SVGZoomAndPan.cpp">
      <Filter>svg</Filter>
    </ClCompile>
    <ClCompile Include="..\..\..\src\chromium\third_party\WebKit\Source\core\svg\SVGZoomEvent.cpp">
      <Filter>svg</Filter>
    </ClCompile>
    <ClCompile Include="..\..\..\src\chromium\third_party\WebKit\Source\core\svg\animation\SMILTime.cpp">
      <Filter>svg\animation</Filter>
    </ClCompile>
    <ClCompile Include="..\..\..\src\chromium\third_party\WebKit\Source\core\svg\animation\SMILTimeContainer.cpp">
      <Filter>svg\animation</Filter>
    </ClCompile>
    <ClCompile Include="..\..\..\src\chromium\third_party\WebKit\Source\core\svg\animation\SVGSMILElement.cpp">
      <Filter>svg\animation</Filter>
    </ClCompile>
    <ClCompile Include="..\..\..\src\chromium\third_party\WebKit\Source\core\svg\graphics\SVGImage.cpp">
      <Filter>svg\graphics</Filter>
    </ClCompile>
    <ClCompile Include="..\..\..\src\chromium\third_party\WebKit\Source\core\svg\graphics\SVGImageChromeClient.cpp">
      <Filter>svg\graphics</Filter>
    </ClCompile>
    <ClCompile Include="..\..\..\src\chromium\third_party\WebKit\Source\core\svg\graphics\SVGImageForContainer.cpp">
      <Filter>svg\graphics</Filter>
    </ClCompile>
    <ClCompile Include="..\..\..\src\chromium\third_party\WebKit\Source\core\svg\graphics\filters\SVGFEImage.cpp">
      <Filter>svg\graphics\filters</Filter>
    </ClCompile>
    <ClCompile Include="..\..\..\src\chromium\third_party\WebKit\Source\core\svg\graphics\filters\SVGFilterBuilder.cpp">
      <Filter>svg\graphics\filters</Filter>
    </ClCompile>
    <ClCompile Include="..\..\..\src\chromium\third_party\WebKit\Source\core\svg\properties\SVGAnimatedProperty.cpp">
      <Filter>svg\properties</Filter>
    </ClCompile>
    <ClCompile Include="..\..\..\src\chromium\third_party\WebKit\Source\core\svg\properties\SVGPropertyTearOff.cpp">
      <Filter>svg\properties</Filter>
    </ClCompile>
  </ItemGroup>
  <ItemGroup>
    <ClInclude Include="..\..\..\src\blink\_pc.h">
      <Filter>Header Files</Filter>
    </ClInclude>
    <ClInclude Include="..\..\..\src\chromium\third_party\WebKit\Source\core\style\SVGComputedStyle.h">
      <Filter>style</Filter>
    </ClInclude>
    <ClInclude Include="..\..\..\src\chromium\third_party\WebKit\Source\core\style\SVGComputedStyleDefs.h">
      <Filter>style</Filter>
    </ClInclude>
    <ClInclude Include="..\..\..\src\chromium\third_party\WebKit\Source\core\layout\svg\LayoutSVGBlock.h">
      <Filter>layout\svg</Filter>
    </ClInclude>
    <ClInclude Include="..\..\..\src\chromium\third_party\WebKit\Source\core\layout\svg\LayoutSVGContainer.h">
      <Filter>layout\svg</Filter>
    </ClInclude>
    <ClInclude Include="..\..\..\src\chromium\third_party\WebKit\Source\core\layout\svg\LayoutSVGEllipse.h">
      <Filter>layout\svg</Filter>
    </ClInclude>
    <ClInclude Include="..\..\..\src\chromium\third_party\WebKit\Source\core\layout\svg\LayoutSVGForeignObject.h">
      <Filter>layout\svg</Filter>
    </ClInclude>
    <ClInclude Include="..\..\..\src\chromium\third_party\WebKit\Source\core\layout\svg\LayoutSVGGradientStop.h">
      <Filter>layout\svg</Filter>
    </ClInclude>
    <ClInclude Include="..\..\..\src\chromium\third_party\WebKit\Source\core\layout\svg\LayoutSVGHiddenContainer.h">
      <Filter>layout\svg</Filter>
    </ClInclude>
    <ClInclude Include="..\..\..\src\chromium\third_party\WebKit\Source\core\layout\svg\LayoutSVGImage.h">
      <Filter>layout\svg</Filter>
    </ClInclude>
    <ClInclude Include="..\..\..\src\chromium\third_party\WebKit\Source\core\layout\svg\LayoutSVGInline.h">
      <Filter>layout\svg</Filter>
    </ClInclude>
    <ClInclude Include="..\..\..\src\chromium\third_party\WebKit\Source\core\layout\svg\LayoutSVGInlineText.h">
      <Filter>layout\svg</Filter>
    </ClInclude>
    <ClInclude Include="..\..\..\src\chromium\third_party\WebKit\Source\core\layout\svg\LayoutSVGModelObject.h">
      <Filter>layout\svg</Filter>
    </ClInclude>
    <ClInclude Include="..\..\..\src\chromium\third_party\WebKit\Source\core\layout\svg\LayoutSVGPath.h">
      <Filter>layout\svg</Filter>
    </ClInclude>
    <ClInclude Include="..\..\..\src\chromium\third_party\WebKit\Source\core\layout\svg\LayoutSVGRect.h">
      <Filter>layout\svg</Filter>
    </ClInclude>
    <ClInclude Include="..\..\..\src\chromium\third_party\WebKit\Source\core\layout\svg\LayoutSVGResourceClipper.h">
      <Filter>layout\svg</Filter>
    </ClInclude>
    <ClInclude Include="..\..\..\src\chromium\third_party\WebKit\Source\core\layout\svg\LayoutSVGResourceContainer.h">
      <Filter>layout\svg</Filter>
    </ClInclude>
    <ClInclude Include="..\..\..\src\chromium\third_party\WebKit\Source\core\layout\svg\LayoutSVGResourceFilter.h">
      <Filter>layout\svg</Filter>
    </ClInclude>
    <ClInclude Include="..\..\..\src\chromium\third_party\WebKit\Source\core\layout\svg\LayoutSVGResourceFilterPrimitive.h">
      <Filter>layout\svg</Filter>
    </ClInclude>
    <ClInclude Include="..\..\..\src\chromium\third_party\WebKit\Source\core\layout\svg\LayoutSVGResourceGradient.h">
      <Filter>layout\svg</Filter>
    </ClInclude>
    <ClInclude Include="..\..\..\src\chromium\third_party\WebKit\Source\core\layout\svg\LayoutSVGResourceLinearGradient.h">
      <Filter>layout\svg</Filter>
    </ClInclude>
    <ClInclude Include="..\..\..\src\chromium\third_party\WebKit\Source\core\layout\svg\LayoutSVGResourceMarker.h">
      <Filter>layout\svg</Filter>
    </ClInclude>
    <ClInclude Include="..\..\..\src\chromium\third_party\WebKit\Source\core\layout\svg\LayoutSVGResourceMasker.h">
      <Filter>layout\svg</Filter>
    </ClInclude>
    <ClInclude Include="..\..\..\src\chromium\third_party\WebKit\Source\core\layout\svg\LayoutSVGResourcePaintServer.h">
      <Filter>layout\svg</Filter>
    </ClInclude>
    <ClInclude Include="..\..\..\src\chromium\third_party\WebKit\Source\core\layout\svg\LayoutSVGResourcePattern.h">
      <Filter>layout\svg</Filter>
    </ClInclude>
    <ClInclude Include="..\..\..\src\chromium\third_party\WebKit\Source\core\layout\svg\LayoutSVGResourceRadialGradient.h">
      <Filter>layout\svg</Filter>
    </ClInclude>
    <ClInclude Include="..\..\..\src\chromium\third_party\WebKit\Source\core\layout\svg\LayoutSVGRoot.h">
      <Filter>layout\svg</Filter>
    </ClInclude>
    <ClInclude Include="..\..\..\src\chromium\third_party\WebKit\Source\core\layout\svg\LayoutSVGShape.h">
      <Filter>layout\svg</Filter>
    </ClInclude>
    <ClInclude Include="..\..\..\src\chromium\third_party\WebKit\Source\core\layout\svg\LayoutSVGText.h">
      <Filter>layout\svg</Filter>
    </ClInclude>
    <ClInclude Include="..\..\..\src\chromium\third_party\WebKit\Source\core\layout\svg\LayoutSVGTextPath.h">
      <Filter>layout\svg</Filter>
    </ClInclude>
    <ClInclude Include="..\..\..\src\chromium\third_party\WebKit\Source\core\layout\svg\LayoutSVGTransformableContainer.h">
      <Filter>layout\svg</Filter>
    </ClInclude>
    <ClInclude Include="..\..\..\src\chromium\third_party\WebKit\Source\core\layout\svg\LayoutSVGTSpan.h">
      <Filter>layout\svg</Filter>
    </ClInclude>
    <ClInclude Include="..\..\..\src\chromium\third_party\WebKit\Source\core\layout\svg\LayoutSVGViewportContainer.h">
      <Filter>layout\svg</Filter>
    </ClInclude>
    <ClInclude Include="..\..\..\src\chromium\third_party\WebKit\Source\core\layout\svg\ReferenceFilterBuilder.h">
      <Filter>layout\svg</Filter>
    </ClInclude>
    <ClInclude Include="..\..\..\src\chromium\third_party\WebKit\Source\core\layout\svg\SVGLayoutSupport.h">
      <Filter>layout\svg</Filter>
    </ClInclude>
    <ClInclude Include="..\..\..\src\chromium\third_party\WebKit\Source\core\layout\svg\SVGLayoutTreeAsText.h">
      <Filter>layout\svg</Filter>
    </ClInclude>
    <ClInclude Include="..\..\..\src\chromium\third_party\WebKit\Source\core\layout\svg\SVGMarkerData.h">
      <Filter>layout\svg</Filter>
    </ClInclude>
    <ClInclude Include="..\..\..\src\chromium\third_party\WebKit\Source\core\layout\svg\SVGResources.h">
      <Filter>layout\svg</Filter>
    </ClInclude>
    <ClInclude Include="..\..\..\src\chromium\third_party\WebKit\Source\core\layout\svg\SVGResourcesCache.h">
      <Filter>layout\svg</Filter>
    </ClInclude>
    <ClInclude Include="..\..\..\src\chromium\third_party\WebKit\Source\core\layout\svg\SVGResourcesCycleSolver.h">
      <Filter>layout\svg</Filter>
    </ClInclude>
    <ClInclude Include="..\..\..\src\chromium\third_party\WebKit\Source\core\layout\svg\SVGTextChunkBuilder.h">
      <Filter>layout\svg</Filter>
    </ClInclude>
    <ClInclude Include="..\..\..\src\chromium\third_party\WebKit\Source\core\layout\svg\SVGTextFragment.h">
      <Filter>layout\svg</Filter>
    </ClInclude>
    <ClInclude Include="..\..\..\src\chromium\third_party\WebKit\Source\core\layout\svg\SVGTextLayoutAttributes.h">
      <Filter>layout\svg</Filter>
    </ClInclude>
    <ClInclude Include="..\..\..\src\chromium\third_party\WebKit\Source\core\layout\svg\SVGTextLayoutAttributesBuilder.h">
      <Filter>layout\svg</Filter>
    </ClInclude>
    <ClInclude Include="..\..\..\src\chromium\third_party\WebKit\Source\core\layout\svg\SVGTextLayoutEngine.h">
      <Filter>layout\svg</Filter>
    </ClInclude>
    <ClInclude Include="..\..\..\src\chromium\third_party\WebKit\Source\core\layout\svg\SVGTextLayoutEngineBaseline.h">
      <Filter>layout\svg</Filter>
    </ClInclude>
    <ClInclude Include="..\..\..\src\chromium\third_party\WebKit\Source\core\layout\svg\SVGTextLayoutEngineSpacing.h">
      <Filter>layout\svg</Filter>
    </ClInclude>
    <ClInclude Include="..\..\..\src\chromium\third_party\WebKit\Source\core\layout\svg\SVGTextMetrics.h">
      <Filter>layout\svg</Filter>
    </ClInclude>
    <ClInclude Include="..\..\..\src\chromium\third_party\WebKit\Source\core\layout\svg\SVGTextMetricsBuilder.h">
      <Filter>layout\svg</Filter>
    </ClInclude>
    <ClInclude Include="..\..\..\src\chromium\third_party\WebKit\Source\core\layout\svg\SVGTextQuery.h">
      <Filter>layout\svg</Filter>
    </ClInclude>
    <ClInclude Include="..\..\..\src\chromium\third_party\WebKit\Source\core\svg\ColorDistance.h">
      <Filter>svg</Filter>
    </ClInclude>
    <ClInclude Include="..\..\..\src\chromium\third_party\WebKit\Source\core\svg\GradientAttributes.h">
      <Filter>svg</Filter>
    </ClInclude>
    <ClInclude Include="..\..\..\src\chromium\third_party\WebKit\Source\core\svg\LinearGradientAttributes.h">
      <Filter>svg</Filter>
    </ClInclude>
    <ClInclude Include="..\..\..\src\chromium\third_party\WebKit\Source\core\svg\PatternAttributes.h">
      <Filter>svg</Filter>
    </ClInclude>
    <ClInclude Include="..\..\..\src\chromium\third_party\WebKit\Source\core\svg\RadialGradientAttributes.h">
      <Filter>svg</Filter>
    </ClInclude>
    <ClInclude Include="..\..\..\src\chromium\third_party\WebKit\Source\core\svg\SVGAElement.h">
      <Filter>svg</Filter>
    </ClInclude>
    <ClInclude Include="..\..\..\src\chromium\third_party\WebKit\Source\core\svg\SVGAngle.h">
      <Filter>svg</Filter>
    </ClInclude>
    <ClInclude Include="..\..\..\src\chromium\third_party\WebKit\Source\core\svg\SVGAngleTearOff.h">
      <Filter>svg</Filter>
    </ClInclude>
    <ClInclude Include="..\..\..\src\chromium\third_party\WebKit\Source\core\svg\SVGAnimatedAngle.h">
      <Filter>svg</Filter>
    </ClInclude>
    <ClInclude Include="..\..\..\src\chromium\third_party\WebKit\Source\core\svg\SVGAnimatedBoolean.h">
      <Filter>svg</Filter>
    </ClInclude>
    <ClInclude Include="..\..\..\src\chromium\third_party\WebKit\Source\core\svg\SVGAnimatedColor.h">
      <Filter>svg</Filter>
    </ClInclude>
    <ClInclude Include="..\..\..\src\chromium\third_party\WebKit\Source\core\svg\SVGAnimatedEnumeration.h">
      <Filter>svg</Filter>
    </ClInclude>
    <ClInclude Include="..\..\..\src\chromium\third_party\WebKit\Source\core\svg\SVGAnimatedEnumerationBase.h">
      <Filter>svg</Filter>
    </ClInclude>
    <ClInclude Include="..\..\..\src\chromium\third_party\WebKit\Source\core\svg\SVGAnimatedInteger.h">
      <Filter>svg</Filter>
    </ClInclude>
    <ClInclude Include="..\..\..\src\chromium\third_party\WebKit\Source\core\svg\SVGAnimatedIntegerOptionalInteger.h">
      <Filter>svg</Filter>
    </ClInclude>
    <ClInclude Include="..\..\..\src\chromium\third_party\WebKit\Source\core\svg\SVGAnimatedLength.h">
      <Filter>svg</Filter>
    </ClInclude>
    <ClInclude Include="..\..\..\src\chromium\third_party\WebKit\Source\core\svg\SVGAnimatedLengthList.h">
      <Filter>svg</Filter>
    </ClInclude>
    <ClInclude Include="..\..\..\src\chromium\third_party\WebKit\Source\core\svg\SVGAnimatedNumber.h">
      <Filter>svg</Filter>
    </ClInclude>
    <ClInclude Include="..\..\..\src\chromium\third_party\WebKit\Source\core\svg\SVGAnimatedNumberList.h">
      <Filter>svg</Filter>
    </ClInclude>
    <ClInclude Include="..\..\..\src\chromium\third_party\WebKit\Source\core\svg\SVGAnimatedNumberOptionalNumber.h">
      <Filter>svg</Filter>
    </ClInclude>
    <ClInclude Include="..\..\..\src\chromium\third_party\WebKit\Source\core\svg\SVGAnimatedPath.h">
      <Filter>svg</Filter>
    </ClInclude>
    <ClInclude Include="..\..\..\src\chromium\third_party\WebKit\Source\core\svg\SVGAnimatedPointList.h">
      <Filter>svg</Filter>
    </ClInclude>
    <ClInclude Include="..\..\..\src\chromium\third_party\WebKit\Source\core\svg\SVGAnimatedPreserveAspectRatio.h">
      <Filter>svg</Filter>
    </ClInclude>
    <ClInclude Include="..\..\..\src\chromium\third_party\WebKit\Source\core\svg\SVGAnimatedRect.h">
      <Filter>svg</Filter>
    </ClInclude>
    <ClInclude Include="..\..\..\src\chromium\third_party\WebKit\Source\core\svg\SVGAnimatedString.h">
      <Filter>svg</Filter>
    </ClInclude>
    <ClInclude Include="..\..\..\src\chromium\third_party\WebKit\Source\core\svg\SVGAnimatedTransformList.h">
      <Filter>svg</Filter>
    </ClInclude>
    <ClInclude Include="..\..\..\src\chromium\third_party\WebKit\Source\core\svg\SVGAnimatedTypeAnimator.h">
      <Filter>svg</Filter>
    </ClInclude>
    <ClInclude Include="..\..\..\src\chromium\third_party\WebKit\Source\core\svg\SVGAnimateElement.h">
      <Filter>svg</Filter>
    </ClInclude>
    <ClInclude Include="..\..\..\src\chromium\third_party\WebKit\Source\core\svg\SVGAnimateMotionElement.h">
      <Filter>svg</Filter>
    </ClInclude>
    <ClInclude Include="..\..\..\src\chromium\third_party\WebKit\Source\core\svg\SVGAnimateTransformElement.h">
      <Filter>svg</Filter>
    </ClInclude>
    <ClInclude Include="..\..\..\src\chromium\third_party\WebKit\Source\core\svg\SVGAnimationElement.h">
      <Filter>svg</Filter>
    </ClInclude>
    <ClInclude Include="..\..\..\src\chromium\third_party\WebKit\Source\core\svg\SVGBoolean.h">
      <Filter>svg</Filter>
    </ClInclude>
    <ClInclude Include="..\..\..\src\chromium\third_party\WebKit\Source\core\svg\SVGCircleElement.h">
      <Filter>svg</Filter>
    </ClInclude>
    <ClInclude Include="..\..\..\src\chromium\third_party\WebKit\Source\core\svg\SVGClipPathElement.h">
      <Filter>svg</Filter>
    </ClInclude>
    <ClInclude Include="..\..\..\src\chromium\third_party\WebKit\Source\core\svg\SVGComponentTransferFunctionElement.h">
      <Filter>svg</Filter>
    </ClInclude>
    <ClInclude Include="..\..\..\src\chromium\third_party\WebKit\Source\core\svg\SVGCursorElement.h">
      <Filter>svg</Filter>
    </ClInclude>
    <ClInclude Include="..\..\..\src\chromium\third_party\WebKit\Source\core\svg\SVGDefsElement.h">
      <Filter>svg</Filter>
    </ClInclude>
    <ClInclude Include="..\..\..\src\chromium\third_party\WebKit\Source\core\svg\SVGDescElement.h">
      <Filter>svg</Filter>
    </ClInclude>
    <ClInclude Include="..\..\..\src\chromium\third_party\WebKit\Source\core\svg\SVGDiscardElement.h">
      <Filter>svg</Filter>
    </ClInclude>
    <ClInclude Include="..\..\..\src\chromium\third_party\WebKit\Source\core\svg\SVGDocumentExtensions.h">
      <Filter>svg</Filter>
    </ClInclude>
    <ClInclude Include="..\..\..\src\chromium\third_party\WebKit\Source\core\svg\SVGElement.h">
      <Filter>svg</Filter>
    </ClInclude>
    <ClInclude Include="..\..\..\src\chromium\third_party\WebKit\Source\core\svg\SVGElementRareData.h">
      <Filter>svg</Filter>
    </ClInclude>
    <ClInclude Include="..\..\..\src\chromium\third_party\WebKit\Source\core\svg\SVGEllipseElement.h">
      <Filter>svg</Filter>
    </ClInclude>
    <ClInclude Include="..\..\..\src\chromium\third_party\WebKit\Source\core\svg\SVGEnumeration.h">
      <Filter>svg</Filter>
    </ClInclude>
    <ClInclude Include="..\..\..\src\chromium\third_party\WebKit\Source\core\svg\SVGFEBlendElement.h">
      <Filter>svg</Filter>
    </ClInclude>
    <ClInclude Include="..\..\..\src\chromium\third_party\WebKit\Source\core\svg\SVGFEColorMatrixElement.h">
      <Filter>svg</Filter>
    </ClInclude>
    <ClInclude Include="..\..\..\src\chromium\third_party\WebKit\Source\core\svg\SVGFEComponentTransferElement.h">
      <Filter>svg</Filter>
    </ClInclude>
    <ClInclude Include="..\..\..\src\chromium\third_party\WebKit\Source\core\svg\SVGFECompositeElement.h">
      <Filter>svg</Filter>
    </ClInclude>
    <ClInclude Include="..\..\..\src\chromium\third_party\WebKit\Source\core\svg\SVGFEConvolveMatrixElement.h">
      <Filter>svg</Filter>
    </ClInclude>
    <ClInclude Include="..\..\..\src\chromium\third_party\WebKit\Source\core\svg\SVGFEDiffuseLightingElement.h">
      <Filter>svg</Filter>
    </ClInclude>
    <ClInclude Include="..\..\..\src\chromium\third_party\WebKit\Source\core\svg\SVGFEDisplacementMapElement.h">
      <Filter>svg</Filter>
    </ClInclude>
    <ClInclude Include="..\..\..\src\chromium\third_party\WebKit\Source\core\svg\SVGFEDistantLightElement.h">
      <Filter>svg</Filter>
    </ClInclude>
    <ClInclude Include="..\..\..\src\chromium\third_party\WebKit\Source\core\svg\SVGFEDropShadowElement.h">
      <Filter>svg</Filter>
    </ClInclude>
    <ClInclude Include="..\..\..\src\chromium\third_party\WebKit\Source\core\svg\SVGFEFloodElement.h">
      <Filter>svg</Filter>
    </ClInclude>
    <ClInclude Include="..\..\..\src\chromium\third_party\WebKit\Source\core\svg\SVGFEFuncAElement.h">
      <Filter>svg</Filter>
    </ClInclude>
    <ClInclude Include="..\..\..\src\chromium\third_party\WebKit\Source\core\svg\SVGFEFuncBElement.h">
      <Filter>svg</Filter>
    </ClInclude>
    <ClInclude Include="..\..\..\src\chromium\third_party\WebKit\Source\core\svg\SVGFEFuncGElement.h">
      <Filter>svg</Filter>
    </ClInclude>
    <ClInclude Include="..\..\..\src\chromium\third_party\WebKit\Source\core\svg\SVGFEFuncRElement.h">
      <Filter>svg</Filter>
    </ClInclude>
    <ClInclude Include="..\..\..\src\chromium\third_party\WebKit\Source\core\svg\SVGFEGaussianBlurElement.h">
      <Filter>svg</Filter>
    </ClInclude>
    <ClInclude Include="..\..\..\src\chromium\third_party\WebKit\Source\core\svg\SVGFEImageElement.h">
      <Filter>svg</Filter>
    </ClInclude>
    <ClInclude Include="..\..\..\src\chromium\third_party\WebKit\Source\core\svg\SVGFELightElement.h">
      <Filter>svg</Filter>
    </ClInclude>
    <ClInclude Include="..\..\..\src\chromium\third_party\WebKit\Source\core\svg\SVGFEMergeElement.h">
      <Filter>svg</Filter>
    </ClInclude>
    <ClInclude Include="..\..\..\src\chromium\third_party\WebKit\Source\core\svg\SVGFEMergeNodeElement.h">
      <Filter>svg</Filter>
    </ClInclude>
    <ClInclude Include="..\..\..\src\chromium\third_party\WebKit\Source\core\svg\SVGFEMorphologyElement.h">
      <Filter>svg</Filter>
    </ClInclude>
    <ClInclude Include="..\..\..\src\chromium\third_party\WebKit\Source\core\svg\SVGFEOffsetElement.h">
      <Filter>svg</Filter>
    </ClInclude>
    <ClInclude Include="..\..\..\src\chromium\third_party\WebKit\Source\core\svg\SVGFEPointLightElement.h">
      <Filter>svg</Filter>
    </ClInclude>
    <ClInclude Include="..\..\..\src\chromium\third_party\WebKit\Source\core\svg\SVGFESpecularLightingElement.h">
      <Filter>svg</Filter>
    </ClInclude>
    <ClInclude Include="..\..\..\src\chromium\third_party\WebKit\Source\core\svg\SVGFESpotLightElement.h">
      <Filter>svg</Filter>
    </ClInclude>
    <ClInclude Include="..\..\..\src\chromium\third_party\WebKit\Source\core\svg\SVGFETileElement.h">
      <Filter>svg</Filter>
    </ClInclude>
    <ClInclude Include="..\..\..\src\chromium\third_party\WebKit\Source\core\svg\SVGFETurbulenceElement.h">
      <Filter>svg</Filter>
    </ClInclude>
    <ClInclude Include="..\..\..\src\chromium\third_party\WebKit\Source\core\svg\SVGFilterElement.h">
      <Filter>svg</Filter>
    </ClInclude>
    <ClInclude Include="..\..\..\src\chromium\third_party\WebKit\Source\core\svg\SVGFilterPrimitiveStandardAttributes.h">
      <Filter>svg</Filter>
    </ClInclude>
    <ClInclude Include="..\..\..\src\chromium\third_party\WebKit\Source\core\svg\SVGFitToViewBox.h">
      <Filter>svg</Filter>
    </ClInclude>
    <ClInclude Include="..\..\..\src\chromium\third_party\WebKit\Source\core\svg\SVGForeignObjectElement.h">
      <Filter>svg</Filter>
    </ClInclude>
    <ClInclude Include="..\..\..\src\chromium\third_party\WebKit\Source\core\svg\SVGGElement.h">
      <Filter>svg</Filter>
    </ClInclude>
    <ClInclude Include="..\..\..\src\chromium\third_party\WebKit\Source\core\svg\SVGGeometryElement.h">
      <Filter>svg</Filter>
    </ClInclude>
    <ClInclude Include="..\..\..\src\chromium\third_party\WebKit\Source\core\svg\SVGGradientElement.h">
      <Filter>svg</Filter>
    </ClInclude>
    <ClInclude Include="..\..\..\src\chromium\third_party\WebKit\Source\core\svg\SVGGraphicsElement.h">
      <Filter>svg</Filter>
    </ClInclude>
    <ClInclude Include="..\..\..\src\chromium\third_party\WebKit\Source\core\svg\SVGImageElement.h">
      <Filter>svg</Filter>
    </ClInclude>
    <ClInclude Include="..\..\..\src\chromium\third_party\WebKit\Source\core\svg\SVGImageLoader.h">
      <Filter>svg</Filter>
    </ClInclude>
    <ClInclude Include="..\..\..\src\chromium\third_party\WebKit\Source\core\svg\SVGInteger.h">
      <Filter>svg</Filter>
    </ClInclude>
    <ClInclude Include="..\..\..\src\chromium\third_party\WebKit\Source\core\svg\SVGIntegerOptionalInteger.h">
      <Filter>svg</Filter>
    </ClInclude>
    <ClInclude Include="..\..\..\src\chromium\third_party\WebKit\Source\core\svg\SVGLength.h">
      <Filter>svg</Filter>
    </ClInclude>
    <ClInclude Include="..\..\..\src\chromium\third_party\WebKit\Source\core\svg\SVGLengthContext.h">
      <Filter>svg</Filter>
    </ClInclude>
    <ClInclude Include="..\..\..\src\chromium\third_party\WebKit\Source\core\svg\SVGLengthList.h">
      <Filter>svg</Filter>
    </ClInclude>
    <ClInclude Include="..\..\..\src\chromium\third_party\WebKit\Source\core\svg\SVGLengthListTearOff.h">
      <Filter>svg</Filter>
    </ClInclude>
    <ClInclude Include="..\..\..\src\chromium\third_party\WebKit\Source\core\svg\SVGLengthTearOff.h">
      <Filter>svg</Filter>
    </ClInclude>
    <ClInclude Include="..\..\..\src\chromium\third_party\WebKit\Source\core\svg\SVGLinearGradientElement.h">
      <Filter>svg</Filter>
    </ClInclude>
    <ClInclude Include="..\..\..\src\chromium\third_party\WebKit\Source\core\svg\SVGLineElement.h">
      <Filter>svg</Filter>
    </ClInclude>
    <ClInclude Include="..\..\..\src\chromium\third_party\WebKit\Source\core\svg\SVGMarkerElement.h">
      <Filter>svg</Filter>
    </ClInclude>
    <ClInclude Include="..\..\..\src\chromium\third_party\WebKit\Source\core\svg\SVGMaskElement.h">
      <Filter>svg</Filter>
    </ClInclude>
    <ClInclude Include="..\..\..\src\chromium\third_party\WebKit\Source\core\svg\SVGMatrixTearOff.h">
      <Filter>svg</Filter>
    </ClInclude>
    <ClInclude Include="..\..\..\src\chromium\third_party\WebKit\Source\core\svg\SVGMetadataElement.h">
      <Filter>svg</Filter>
    </ClInclude>
    <ClInclude Include="..\..\..\src\chromium\third_party\WebKit\Source\core\svg\SVGMPathElement.h">
      <Filter>svg</Filter>
    </ClInclude>
    <ClInclude Include="..\..\..\src\chromium\third_party\WebKit\Source\core\svg\SVGNumber.h">
      <Filter>svg</Filter>
    </ClInclude>
    <ClInclude Include="..\..\..\src\chromium\third_party\WebKit\Source\core\svg\SVGNumberList.h">
      <Filter>svg</Filter>
    </ClInclude>
    <ClInclude Include="..\..\..\src\chromium\third_party\WebKit\Source\core\svg\SVGNumberListTearOff.h">
      <Filter>svg</Filter>
    </ClInclude>
    <ClInclude Include="..\..\..\src\chromium\third_party\WebKit\Source\core\svg\SVGNumberOptionalNumber.h">
      <Filter>svg</Filter>
    </ClInclude>
    <ClInclude Include="..\..\..\src\chromium\third_party\WebKit\Source\core\svg\SVGNumberTearOff.h">
      <Filter>svg</Filter>
    </ClInclude>
    <ClInclude Include="..\..\..\src\chromium\third_party\WebKit\Source\core\svg\SVGParserUtilities.h">
      <Filter>svg</Filter>
    </ClInclude>
    <ClInclude Include="..\..\..\src\chromium\third_party\WebKit\Source\core\svg\SVGParsingError.h">
      <Filter>svg</Filter>
    </ClInclude>
    <ClInclude Include="..\..\..\src\chromium\third_party\WebKit\Source\core\svg\SVGPath.h">
      <Filter>svg</Filter>
    </ClInclude>
    <ClInclude Include="..\..\..\src\chromium\third_party\WebKit\Source\core\svg\SVGPathBlender.h">
      <Filter>svg</Filter>
    </ClInclude>
    <ClInclude Include="..\..\..\src\chromium\third_party\WebKit\Source\core\svg\SVGPathBuilder.h">
      <Filter>svg</Filter>
    </ClInclude>
    <ClInclude Include="..\..\..\src\chromium\third_party\WebKit\Source\core\svg\SVGPathByteStream.h">
      <Filter>svg</Filter>
    </ClInclude>
    <ClInclude Include="..\..\..\src\chromium\third_party\WebKit\Source\core\svg\SVGPathByteStreamBuilder.h">
      <Filter>svg</Filter>
    </ClInclude>
    <ClInclude Include="..\..\..\src\chromium\third_party\WebKit\Source\core\svg\SVGPathByteStreamSource.h">
      <Filter>svg</Filter>
    </ClInclude>
    <ClInclude Include="..\..\..\src\chromium\third_party\WebKit\Source\core\svg\SVGPathConsumer.h">
      <Filter>svg</Filter>
    </ClInclude>
    <ClInclude Include="..\..\..\src\chromium\third_party\WebKit\Source\core\svg\SVGPathData.h">
      <Filter>svg</Filter>
    </ClInclude>
    <ClInclude Include="..\..\..\src\chromium\third_party\WebKit\Source\core\svg\SVGPathElement.h">
      <Filter>svg</Filter>
    </ClInclude>
    <ClInclude Include="..\..\..\src\chromium\third_party\WebKit\Source\core\svg\SVGPathParser.h">
      <Filter>svg</Filter>
    </ClInclude>
    <ClInclude Include="..\..\..\src\chromium\third_party\WebKit\Source\core\svg\SVGPathQuery.h">
      <Filter>svg</Filter>
    </ClInclude>
    <ClInclude Include="..\..\..\src\chromium\third_party\WebKit\Source\core\svg\SVGPathSource.h">
      <Filter>svg</Filter>
    </ClInclude>
    <ClInclude Include="..\..\..\src\chromium\third_party\WebKit\Source\core\svg\SVGPathStringBuilder.h">
      <Filter>svg</Filter>
    </ClInclude>
    <ClInclude Include="..\..\..\src\chromium\third_party\WebKit\Source\core\svg\SVGPathStringSource.h">
      <Filter>svg</Filter>
    </ClInclude>
    <ClInclude Include="..\..\..\src\chromium\third_party\WebKit\Source\core\svg\SVGPathUtilities.h">
      <Filter>svg</Filter>
    </ClInclude>
    <ClInclude Include="..\..\..\src\chromium\third_party\WebKit\Source\core\svg\SVGPatternElement.h">
      <Filter>svg</Filter>
    </ClInclude>
    <ClInclude Include="..\..\..\src\chromium\third_party\WebKit\Source\core\svg\SVGPoint.h">
      <Filter>svg</Filter>
    </ClInclude>
    <ClInclude Include="..\..\..\src\chromium\third_party\WebKit\Source\core\svg\SVGPointList.h">
      <Filter>svg</Filter>
    </ClInclude>
    <ClInclude Include="..\..\..\src\chromium\third_party\WebKit\Source\core\svg\SVGPointListTearOff.h">
      <Filter>svg</Filter>
    </ClInclude>
    <ClInclude Include="..\..\..\src\chromium\third_party\WebKit\Source\core\svg\SVGPointTearOff.h">
      <Filter>svg</Filter>
    </ClInclude>
    <ClInclude Include="..\..\..\src\chromium\third_party\WebKit\Source\core\svg\SVGPolyElement.h">
      <Filter>svg</Filter>
    </ClInclude>
    <ClInclude Include="..\..\..\src\chromium\third_party\WebKit\Source\core\svg\SVGPolygonElement.h">
      <Filter>svg</Filter>
    </ClInclude>
    <ClInclude Include="..\..\..\src\chromium\third_party\WebKit\Source\core\svg\SVGPolylineElement.h">
      <Filter>svg</Filter>
    </ClInclude>
    <ClInclude Include="..\..\..\src\chromium\third_party\WebKit\Source\core\svg\SVGPreserveAspectRatio.h">
      <Filter>svg</Filter>
    </ClInclude>
    <ClInclude Include="..\..\..\src\chromium\third_party\WebKit\Source\core\svg\SVGPreserveAspectRatioTearOff.h">
      <Filter>svg</Filter>
    </ClInclude>
    <ClInclude Include="..\..\..\src\chromium\third_party\WebKit\Source\core\svg\SVGRadialGradientElement.h">
      <Filter>svg</Filter>
    </ClInclude>
    <ClInclude Include="..\..\..\src\chromium\third_party\WebKit\Source\core\svg\SVGRect.h">
      <Filter>svg</Filter>
    </ClInclude>
    <ClInclude Include="..\..\..\src\chromium\third_party\WebKit\Source\core\svg\SVGRectElement.h">
      <Filter>svg</Filter>
    </ClInclude>
    <ClInclude Include="..\..\..\src\chromium\third_party\WebKit\Source\core\svg\SVGRectTearOff.h">
      <Filter>svg</Filter>
    </ClInclude>
    <ClInclude Include="..\..\..\src\chromium\third_party\WebKit\Source\core\svg\SVGScriptElement.h">
      <Filter>svg</Filter>
    </ClInclude>
    <ClInclude Include="..\..\..\src\chromium\third_party\WebKit\Source\core\svg\SVGSetElement.h">
      <Filter>svg</Filter>
    </ClInclude>
    <ClInclude Include="..\..\..\src\chromium\third_party\WebKit\Source\core\svg\SVGStaticStringList.h">
      <Filter>svg</Filter>
    </ClInclude>
    <ClInclude Include="..\..\..\src\chromium\third_party\WebKit\Source\core\svg\SVGStopElement.h">
      <Filter>svg</Filter>
    </ClInclude>
    <ClInclude Include="..\..\..\src\chromium\third_party\WebKit\Source\core\svg\SVGString.h">
      <Filter>svg</Filter>
    </ClInclude>
    <ClInclude Include="..\..\..\src\chromium\third_party\WebKit\Source\core\svg\SVGStringList.h">
      <Filter>svg</Filter>
    </ClInclude>
    <ClInclude Include="..\..\..\src\chromium\third_party\WebKit\Source\core\svg\SVGStringListTearOff.h">
      <Filter>svg</Filter>
    </ClInclude>
    <ClInclude Include="..\..\..\src\chromium\third_party\WebKit\Source\core\svg\SVGStyleElement.h">
      <Filter>svg</Filter>
    </ClInclude>
    <ClInclude Include="..\..\..\src\chromium\third_party\WebKit\Source\core\svg\SVGSVGElement.h">
      <Filter>svg</Filter>
    </ClInclude>
    <ClInclude Include="..\..\..\src\chromium\third_party\WebKit\Source\core\svg\SVGSwitchElement.h">
      <Filter>svg</Filter>
    </ClInclude>
    <ClInclude Include="..\..\..\src\chromium\third_party\WebKit\Source\core\svg\SVGSymbolElement.h">
      <Filter>svg</Filter>
    </ClInclude>
    <ClInclude Include="..\..\..\src\chromium\third_party\WebKit\Source\core\svg\SVGTests.h">
      <Filter>svg</Filter>
    </ClInclude>
    <ClInclude Include="..\..\..\src\chromium\third_party\WebKit\Source\core\svg\SVGTextContentElement.h">
      <Filter>svg</Filter>
    </ClInclude>
    <ClInclude Include="..\..\..\src\chromium\third_party\WebKit\Source\core\svg\SVGTextElement.h">
      <Filter>svg</Filter>
    </ClInclude>
    <ClInclude Include="..\..\..\src\chromium\third_party\WebKit\Source\core\svg\SVGTextPathElement.h">
      <Filter>svg</Filter>
    </ClInclude>
    <ClInclude Include="..\..\..\src\chromium\third_party\WebKit\Source\core\svg\SVGTextPositioningElement.h">
      <Filter>svg</Filter>
    </ClInclude>
    <ClInclude Include="..\..\..\src\chromium\third_party\WebKit\Source\core\svg\SVGTitleElement.h">
      <Filter>svg</Filter>
    </ClInclude>
    <ClInclude Include="..\..\..\src\chromium\third_party\WebKit\Source\core\svg\SVGTransform.h">
      <Filter>svg</Filter>
    </ClInclude>
    <ClInclude Include="..\..\..\src\chromium\third_party\WebKit\Source\core\svg\SVGTransformDistance.h">
      <Filter>svg</Filter>
    </ClInclude>
    <ClInclude Include="..\..\..\src\chromium\third_party\WebKit\Source\core\svg\SVGTransformList.h">
      <Filter>svg</Filter>
    </ClInclude>
    <ClInclude Include="..\..\..\src\chromium\third_party\WebKit\Source\core\svg\SVGTransformListTearOff.h">
      <Filter>svg</Filter>
    </ClInclude>
    <ClInclude Include="..\..\..\src\chromium\third_party\WebKit\Source\core\svg\SVGTransformTearOff.h">
      <Filter>svg</Filter>
    </ClInclude>
    <ClInclude Include="..\..\..\src\chromium\third_party\WebKit\Source\core\svg\SVGTSpanElement.h">
      <Filter>svg</Filter>
    </ClInclude>
    <ClInclude Include="..\..\..\src\chromium\third_party\WebKit\Source\core\svg\SVGUnitTypes.h">
      <Filter>svg</Filter>
    </ClInclude>
    <ClInclude Include="..\..\..\src\chromium\third_party\WebKit\Source\core\svg\SVGUnknownElement.h">
      <Filter>svg</Filter>
    </ClInclude>
    <ClInclude Include="..\..\..\src\chromium\third_party\WebKit\Source\core\svg\SVGURIReference.h">
      <Filter>svg</Filter>
    </ClInclude>
    <ClInclude Include="..\..\..\src\chromium\third_party\WebKit\Source\core\svg\SVGUseElement.h">
      <Filter>svg</Filter>
    </ClInclude>
    <ClInclude Include="..\..\..\src\chromium\third_party\WebKit\Source\core\svg\SVGViewElement.h">
      <Filter>svg</Filter>
    </ClInclude>
    <ClInclude Include="..\..\..\src\chromium\third_party\WebKit\Source\core\svg\SVGViewSpec.h">
      <Filter>svg</Filter>
    </ClInclude>
    <ClInclude Include="..\..\..\src\chromium\third_party\WebKit\Source\core\svg\SVGZoomAndPan.h">
      <Filter>svg</Filter>
    </ClInclude>
    <ClInclude Include="..\..\..\src\chromium\third_party\WebKit\Source\core\svg\SVGZoomEvent.h">
      <Filter>svg</Filter>
    </ClInclude>
    <ClInclude Include="..\..\..\src\chromium\third_party\WebKit\Source\core\svg\animation\SMILTime.h">
      <Filter>svg\animation</Filter>
    </ClInclude>
    <ClInclude Include="..\..\..\src\chromium\third_party\WebKit\Source\core\svg\animation\SMILTimeContainer.h">
      <Filter>svg\animation</Filter>
    </ClInclude>
    <ClInclude Include="..\..\..\src\chromium\third_party\WebKit\Source\core\svg\animation\SVGSMILElement.h">
      <Filter>svg\animation</Filter>
    </ClInclude>
    <ClInclude Include="..\..\..\src\chromium\third_party\WebKit\Source\core\svg\graphics\SVGImage.h">
      <Filter>svg\graphics</Filter>
    </ClInclude>
    <ClInclude Include="..\..\..\src\chromium\third_party\WebKit\Source\core\svg\graphics\SVGImageChromeClient.h">
      <Filter>svg\graphics</Filter>
    </ClInclude>
    <ClInclude Include="..\..\..\src\chromium\third_party\WebKit\Source\core\svg\graphics\SVGImageForContainer.h">
      <Filter>svg\graphics</Filter>
    </ClInclude>
    <ClInclude Include="..\..\..\src\chromium\third_party\WebKit\Source\core\svg\graphics\filters\SVGFEImage.h">
      <Filter>svg\graphics\filters</Filter>
    </ClInclude>
    <ClInclude Include="..\..\..\src\chromium\third_party\WebKit\Source\core\svg\graphics\filters\SVGFilterBuilder.h">
      <Filter>svg\graphics\filters</Filter>
    </ClInclude>
    <ClInclude Include="..\..\..\src\chromium\third_party\WebKit\Source\core\svg\properties\SVGAnimatedProperty.h">
      <Filter>svg\properties</Filter>
    </ClInclude>
    <ClInclude Include="..\..\..\src\chromium\third_party\WebKit\Source\core\svg\properties\SVGListPropertyHelper.h">
      <Filter>svg\properties</Filter>
    </ClInclude>
    <ClInclude Include="..\..\..\src\chromium\third_party\WebKit\Source\core\svg\properties\SVGListPropertyTearOffHelper.h">
      <Filter>svg\properties</Filter>
    </ClInclude>
    <ClInclude Include="..\..\..\src\chromium\third_party\WebKit\Source\core\svg\properties\SVGProperty.h">
      <Filter>svg\properties</Filter>
    </ClInclude>
    <ClInclude Include="..\..\..\src\chromium\third_party\WebKit\Source\core\svg\properties\SVGPropertyHelper.h">
      <Filter>svg\properties</Filter>
    </ClInclude>
    <ClInclude Include="..\..\..\src\chromium\third_party\WebKit\Source\core\svg\properties\SVGPropertyInfo.h">
      <Filter>svg\properties</Filter>
    </ClInclude>
    <ClInclude Include="..\..\..\src\chromium\third_party\WebKit\Source\core\svg\properties\SVGPropertyTearOff.h">
      <Filter>svg\properties</Filter>
    </ClInclude>
  </ItemGroup>
</Project>