<?xml version="1.0" encoding="utf-8"?>
<Project ToolsVersion="4.0" xmlns="http://schemas.microsoft.com/developer/msbuild/2003">
  <ItemGroup>
    <Filter Include="Source Files">
      <UniqueIdentifier>{4FC737F1-C7A5-4376-A066-2A32D752A2FF}</UniqueIdentifier>
      <Extensions>cpp;c;cc;cxx;def;odl;idl;hpj;bat;asm;asmx</Extensions>
    </Filter>
    <Filter Include="Header Files">
      <UniqueIdentifier>{93995380-89BD-4b04-88EB-625FBE52EBFB}</UniqueIdentifier>
      <Extensions>h;hh;hpp;hxx;hm;inl;inc;ipp;xsd</Extensions>
    </Filter>
    <Filter Include="cookies">
      <UniqueIdentifier>{cc5189d7-fccf-4e41-b626-5fc7c0f10b22}</UniqueIdentifier>
    </Filter>
    <Filter Include="base">
      <UniqueIdentifier>{489069bb-50a5-439d-b5f8-212ef013ada2}</UniqueIdentifier>
    </Filter>
    <Filter Include="base\registry_controlled_domains">
      <UniqueIdentifier>{bae4ada9-0cf2-49f6-a95c-058ccc6fdd0a}</UniqueIdentifier>
    </Filter>
    <Filter Include="http">
      <UniqueIdentifier>{778473fd-da06-486e-8c75-187e96a5eab5}</UniqueIdentifier>
    </Filter>
  </ItemGroup>
  <ItemGroup>
    <ClCompile Include="..\_pch.cpp">
      <Filter>Source Files</Filter>
    </ClCompile>
    <ClCompile Include="..\..\..\src\chromium\net\cookies\canonical_cookie.cc">
      <Filter>cookies</Filter>
    </ClCompile>
    <ClCompile Include="..\..\..\src\chromium\net\cookies\cookie_constants.cc">
      <Filter>cookies</Filter>
    </ClCompile>
    <ClCompile Include="..\..\..\src\chromium\net\cookies\cookie_options.cc">
      <Filter>cookies</Filter>
    </ClCompile>
    <ClCompile Include="..\..\..\src\chromium\net\cookies\cookie_util.cc">
      <Filter>cookies</Filter>
    </ClCompile>
    <ClCompile Include="..\..\..\src\chromium\net\cookies\parsed_cookie.cc">
      <Filter>cookies</Filter>
    </ClCompile>
    <ClCompile Include="..\..\..\src\chromium\net\base\net_util.cpp">
      <Filter>base</Filter>
    </ClCompile>
    <ClCompile Include="..\..\..\src\chromium\net\base\registry_controlled_domains\registry_controlled_domain.cpp">
      <Filter>base\registry_controlled_domains</Filter>
    </ClCompile>
    <ClCompile Include="..\..\..\src\chromium\net\http\http_util.cpp">
      <Filter>http</Filter>
    </ClCompile>
  </ItemGroup>
  <ItemGroup>
    <ClInclude Include="..\..\..\src\net\_pc.h">
      <Filter>Header Files</Filter>
    </ClInclude>
    <ClInclude Include="..\..\..\src\chromium\net\cookies\canonical_cookie.h">
      <Filter>cookies</Filter>
    </ClInclude>
    <ClInclude Include="..\..\..\src\chromium\net\base\net_export.h">
      <Filter>base</Filter>
    </ClInclude>
    <ClInclude Include="..\..\..\src\chromium\net\cookies\cookie_constants.h">
      <Filter>cookies</Filter>
    </ClInclude>
    <ClInclude Include="..\..\..\src\chromium\net\cookies\cookie_options.h">
      <Filter>cookies</Filter>
    </ClInclude>
    <ClInclude Include="..\..\..\src\chromium\net\cookies\cookie_util.h">
      <Filter>cookies</Filter>
    </ClInclude>
    <ClInclude Include="..\..\..\src\chromium\net\cookies\parsed_cookie.h">
      <Filter>cookies</Filter>
    </ClInclude>
    <ClInclude Include="..\..\..\src\chromium\net\base\net_util.h">
      <Filter>base</Filter>
    </ClInclude>
    <ClInclude Include="..\..\..\src\chromium\net\base\registry_controlled_domains\registry_controlled_domain.h">
      <Filter>base\registry_controlled_domains</Filter>
    </ClInclude>
    <ClInclude Include="..\..\..\src\chromium\net\http\http_util.h">
      <Filter>http</Filter>
    </ClInclude>
  </ItemGroup>
</Project>