<?xml version="1.0" encoding="utf-8"?>
<Project ToolsVersion="4.0" xmlns="http://schemas.microsoft.com/developer/msbuild/2003">
  <ItemGroup>
    <Filter Include="Source Files">
      <UniqueIdentifier>{4FC737F1-C7A5-4376-A066-2A32D752A2FF}</UniqueIdentifier>
      <Extensions>cpp;c;cc;cxx;def;odl;idl;hpj;bat;asm;asmx</Extensions>
    </Filter>
    <Filter Include="Header Files">
      <UniqueIdentifier>{93995380-89BD-4b04-88EB-625FBE52EBFB}</UniqueIdentifier>
      <Extensions>h;hh;hpp;hxx;hm;inl;inc;ipp;xsd</Extensions>
    </Filter>
    <Filter Include="core">
      <UniqueIdentifier>{97d7889f-7007-4f8b-9b74-d9257e651646}</UniqueIdentifier>
    </Filter>
    <Filter Include="core\dom">
      <UniqueIdentifier>{d3f27d48-feca-44ba-b458-15e7b6b18148}</UniqueIdentifier>
    </Filter>
    <Filter Include="web">
      <UniqueIdentifier>{8df6ad85-e903-4267-8e53-91b5dc6ffd55}</UniqueIdentifier>
    </Filter>
    <Filter Include="core\css">
      <UniqueIdentifier>{4948d3ba-e81a-4148-8de0-e3a529e23fd3}</UniqueIdentifier>
    </Filter>
    <Filter Include="core\css\resolver">
      <UniqueIdentifier>{962770c6-f1f5-4bba-aa67-667630c6cb48}</UniqueIdentifier>
    </Filter>
    <Filter Include="core\frame">
      <UniqueIdentifier>{ee37ca7a-3f91-495b-95b1-2ee562e3841a}</UniqueIdentifier>
    </Filter>
    <Filter Include="core\dom\shadow">
      <UniqueIdentifier>{74035e56-7872-4923-a909-9b210744ea01}</UniqueIdentifier>
    </Filter>
    <Filter Include="core\page">
      <UniqueIdentifier>{c6b27c06-4f4b-42c4-9b3b-aebbab882e57}</UniqueIdentifier>
    </Filter>
    <Filter Include="core\layout">
      <UniqueIdentifier>{9386dfd6-68ef-46ee-b88c-6dbf8ba6ccaa}</UniqueIdentifier>
    </Filter>
    <Filter Include="core\editing">
      <UniqueIdentifier>{d1780ce1-8658-4361-a580-f7bf901b766d}</UniqueIdentifier>
    </Filter>
    <Filter Include="core\html">
      <UniqueIdentifier>{13958e55-3cf4-4074-96e3-ee0edeb95fd0}</UniqueIdentifier>
    </Filter>
    <Filter Include="core\html\parser">
      <UniqueIdentifier>{f94f4853-153a-4b70-933f-9e4735916bb0}</UniqueIdentifier>
    </Filter>
    <Filter Include="core\html\imports">
      <UniqueIdentifier>{302c6e7d-2147-43f3-ac89-7554083a1dd7}</UniqueIdentifier>
    </Filter>
    <Filter Include="core\animation">
      <UniqueIdentifier>{326d4872-ca2c-450e-8f2c-fb583a0ace8e}</UniqueIdentifier>
    </Filter>
    <Filter Include="core\animation\css">
      <UniqueIdentifier>{cc8249ff-7f9a-4cd1-b162-209981d35fab}</UniqueIdentifier>
    </Filter>
    <Filter Include="core\style">
      <UniqueIdentifier>{c6355d19-2e56-4367-9190-aed63d004f0a}</UniqueIdentifier>
    </Filter>
    <Filter Include="core\paint">
      <UniqueIdentifier>{e8358e48-c51b-4845-a3d0-c6dbe4bf7142}</UniqueIdentifier>
    </Filter>
    <Filter Include="core\html\shadow">
      <UniqueIdentifier>{ad2e48ac-a399-4ea4-b969-f03387a20574}</UniqueIdentifier>
    </Filter>
    <Filter Include="core\html\forms">
      <UniqueIdentifier>{317b300d-435f-4204-acf8-f78d2115af0d}</UniqueIdentifier>
    </Filter>
    <Filter Include="core\loader">
      <UniqueIdentifier>{a94ea4c7-e195-4c5d-9eeb-65d16eaa84da}</UniqueIdentifier>
    </Filter>
    <Filter Include="core\xml">
      <UniqueIdentifier>{da2ba7b0-024c-4519-b9c4-fcb4c4fe58f8}</UniqueIdentifier>
    </Filter>
    <Filter Include="core\xml\parser">
      <UniqueIdentifier>{e09bbf1d-4f32-4cec-99bd-9098b1db01dd}</UniqueIdentifier>
    </Filter>
    <Filter Include="core\input">
      <UniqueIdentifier>{91dfa309-a2f8-4ca6-a5a5-6fba9ff0eb03}</UniqueIdentifier>
    </Filter>
    <Filter Include="core\events">
      <UniqueIdentifier>{124530d7-4bce-4911-bd8d-48c478adcb99}</UniqueIdentifier>
    </Filter>
    <Filter Include="core\dom\custom">
      <UniqueIdentifier>{6b2ed50e-90ba-4e92-bf22-421c2b3c439f}</UniqueIdentifier>
    </Filter>
    <Filter Include="core\fetch">
      <UniqueIdentifier>{afca47b0-cbf5-4fe4-8645-ab74f295cf4d}</UniqueIdentifier>
    </Filter>
    <Filter Include="core\css\parser">
      <UniqueIdentifier>{22897c43-4204-4daa-907a-f26d43ac0f08}</UniqueIdentifier>
    </Filter>
    <Filter Include="core\animation\animatable">
      <UniqueIdentifier>{36a486af-93fb-4346-a61a-51b2e72f2554}</UniqueIdentifier>
    </Filter>
    <Filter Include="core\layout\line">
      <UniqueIdentifier>{26d065a5-2a01-4490-91cd-f20796e2b11a}</UniqueIdentifier>
    </Filter>
  </ItemGroup>
  <ItemGroup>
    <ClCompile Include="..\_pch.cpp">
      <Filter>Source Files</Filter>
    </ClCompile>
    <ClCompile Include="..\..\..\src\chromium\third_party\WebKit\Source\core\dom\Document.cpp">
      <Filter>core\dom</Filter>
    </ClCompile>
    <ClCompile Include="..\..\..\src\chromium\third_party\WebKit\Source\core\dom\ScriptLoader.cpp">
      <Filter>core\dom</Filter>
    </ClCompile>
    <ClCompile Include="..\..\..\src\chromium\third_party\WebKit\Source\web\WebViewImpl.cpp">
      <Filter>web</Filter>
    </ClCompile>
    <ClCompile Include="..\..\..\src\chromium\third_party\WebKit\Source\web\ChromeClientImpl.cpp">
      <Filter>web</Filter>
    </ClCompile>
    <ClCompile Include="..\..\..\src\chromium\third_party\WebKit\Source\web\FrameLoaderClientImpl.cpp">
      <Filter>web</Filter>
    </ClCompile>
    <ClCompile Include="..\..\..\src\chromium\third_party\WebKit\Source\web\DragClientImpl.cpp">
      <Filter>web</Filter>
    </ClCompile>
    <ClCompile Include="..\..\..\src\chromium\third_party\WebKit\Source\web\ExternalPopupMenu.cpp">
      <Filter>web</Filter>
    </ClCompile>
    <ClCompile Include="..\..\..\src\chromium\third_party\WebKit\Source\web\WebViewFrameWidget.cpp">
      <Filter>web</Filter>
    </ClCompile>
    <ClCompile Include="..\..\..\src\chromium\third_party\WebKit\Source\core\css\resolver\ScopedStyleResolver.cpp">
      <Filter>core\css\resolver</Filter>
    </ClCompile>
    <ClCompile Include="..\..\..\src\chromium\third_party\WebKit\Source\core\frame\FrameView.cpp">
      <Filter>core\frame</Filter>
    </ClCompile>
    <ClCompile Include="..\..\..\src\chromium\third_party\WebKit\Source\core\dom\shadow\ShadowRoot.cpp">
      <Filter>core\dom\shadow</Filter>
    </ClCompile>
    <ClCompile Include="..\..\..\src\chromium\third_party\WebKit\Source\core\dom\Element.cpp">
      <Filter>core\dom</Filter>
    </ClCompile>
    <ClCompile Include="..\..\..\src\chromium\third_party\WebKit\Source\core\page\Page.cpp">
      <Filter>core\page</Filter>
    </ClCompile>
    <ClCompile Include="..\..\..\src\chromium\third_party\WebKit\Source\core\layout\LayoutObject.cpp">
      <Filter>core\layout</Filter>
    </ClCompile>
    <ClCompile Include="..\..\..\src\chromium\third_party\WebKit\Source\core\frame\LocalDOMWindow.cpp">
      <Filter>core\frame</Filter>
    </ClCompile>
    <ClCompile Include="..\..\..\src\chromium\third_party\WebKit\Source\core\editing\EditingStyle.cpp">
      <Filter>core\editing</Filter>
    </ClCompile>
    <ClCompile Include="..\..\..\src\chromium\third_party\WebKit\Source\core\css\FontFaceSet.cpp">
      <Filter>core\css</Filter>
    </ClCompile>
    <ClCompile Include="..\..\..\src\chromium\third_party\WebKit\Source\core\css\CSSComputedStyleDeclaration.cpp">
      <Filter>core\css</Filter>
    </ClCompile>
    <ClCompile Include="..\..\..\src\chromium\third_party\WebKit\Source\core\dom\ContainerNode.cpp">
      <Filter>core\dom</Filter>
    </ClCompile>
    <ClCompile Include="..\..\..\src\chromium\third_party\WebKit\Source\core\dom\Text.cpp">
      <Filter>core\dom</Filter>
    </ClCompile>
    <ClCompile Include="..\..\..\src\chromium\third_party\WebKit\Source\core\html\parser\HTMLDocumentParser.cpp">
      <Filter>core\html\parser</Filter>
    </ClCompile>
    <ClCompile Include="..\..\..\src\chromium\third_party\WebKit\Source\core\html\imports\HTMLImportChild.cpp">
      <Filter>core\html\imports</Filter>
    </ClCompile>
    <ClCompile Include="..\..\..\src\chromium\third_party\WebKit\Source\core\html\parser\HTMLScriptRunner.cpp">
      <Filter>core\html\parser</Filter>
    </ClCompile>
    <ClCompile Include="..\..\..\src\chromium\third_party\WebKit\Source\core\html\HTMLLinkElement.cpp">
      <Filter>core\html</Filter>
    </ClCompile>
    <ClCompile Include="..\..\..\src\chromium\third_party\WebKit\Source\web\PopupMenuImpl.cpp">
      <Filter>web</Filter>
    </ClCompile>
    <ClCompile Include="..\..\..\src\chromium\third_party\WebKit\Source\web\WebDocument.cpp">
      <Filter>web</Filter>
    </ClCompile>
    <ClCompile Include="..\..\..\src\chromium\third_party\WebKit\Source\core\dom\ProcessingInstruction.cpp">
      <Filter>core\dom</Filter>
    </ClCompile>
    <ClCompile Include="..\..\..\src\chromium\third_party\WebKit\Source\core\dom\StyleElement.cpp">
      <Filter>core\dom</Filter>
    </ClCompile>
    <ClCompile Include="..\..\..\src\chromium\third_party\WebKit\Source\core\css\StyleSheetContents.cpp">
      <Filter>core\css</Filter>
    </ClCompile>
    <ClCompile Include="..\..\..\src\chromium\third_party\WebKit\Source\core\animation\css\CSSAnimations.cpp">
      <Filter>core\animation\css</Filter>
    </ClCompile>
    <ClCompile Include="..\..\..\src\chromium\third_party\WebKit\Source\core\css\PropertySetCSSStyleDeclaration.cpp">
      <Filter>core\css</Filter>
    </ClCompile>
    <ClCompile Include="..\..\..\src\chromium\third_party\WebKit\Source\core\animation\StringKeyframe.cpp">
      <Filter>core\animation</Filter>
    </ClCompile>
    <ClCompile Include="..\..\..\src\chromium\third_party\WebKit\Source\core\animation\DeferredLegacyStyleInterpolation.cpp">
      <Filter>core\animation</Filter>
    </ClCompile>
    <ClCompile Include="..\..\..\src\chromium\third_party\WebKit\Source\core\style\ComputedStyle.cpp">
      <Filter>core\style</Filter>
    </ClCompile>
    <ClCompile Include="..\..\..\src\chromium\third_party\WebKit\Source\core\dom\shadow\ElementShadow.cpp">
      <Filter>core\dom\shadow</Filter>
    </ClCompile>
    <ClCompile Include="..\..\..\src\chromium\third_party\WebKit\Source\core\StyleBuilderFunctions.cpp">
      <Filter>core</Filter>
    </ClCompile>
    <ClCompile Include="..\..\..\src\chromium\third_party\WebKit\Source\core\layout\LayoutMultiColumnSpannerPlaceholder.cpp">
      <Filter>core\layout</Filter>
    </ClCompile>
    <ClCompile Include="..\..\..\src\chromium\third_party\WebKit\Source\core\layout\LayoutRubyRun.cpp">
      <Filter>core\layout</Filter>
    </ClCompile>
    <ClCompile Include="..\..\..\src\chromium\third_party\WebKit\Source\core\layout\LayoutListMarker.cpp">
      <Filter>core\layout</Filter>
    </ClCompile>
    <ClCompile Include="..\..\..\src\chromium\third_party\WebKit\Source\core\layout\LayoutTableCell.cpp">
      <Filter>core\layout</Filter>
    </ClCompile>
    <ClCompile Include="..\..\..\src\chromium\third_party\WebKit\Source\core\layout\LayoutTextControlSingleLine.cpp">
      <Filter>core\layout</Filter>
    </ClCompile>
    <ClCompile Include="..\..\..\src\chromium\third_party\WebKit\Source\core\layout\LayoutMenuList.cpp">
      <Filter>core\layout</Filter>
    </ClCompile>
    <ClCompile Include="..\..\..\src\chromium\third_party\WebKit\Source\core\layout\LayoutTextControlMultiLine.cpp">
      <Filter>core\layout</Filter>
    </ClCompile>
    <ClCompile Include="..\..\..\src\chromium\third_party\WebKit\Source\core\layout\LayoutInline.cpp">
      <Filter>core\layout</Filter>
    </ClCompile>
    <ClCompile Include="..\..\..\src\chromium\third_party\WebKit\Source\core\layout\LayoutTable.cpp">
      <Filter>core\layout</Filter>
    </ClCompile>
    <ClCompile Include="..\..\..\src\chromium\third_party\WebKit\Source\core\layout\LayoutTableSection.cpp">
      <Filter>core\layout</Filter>
    </ClCompile>
    <ClCompile Include="..\..\..\src\chromium\third_party\WebKit\Source\core\layout\LayoutTableRow.cpp">
      <Filter>core\layout</Filter>
    </ClCompile>
    <ClCompile Include="..\..\..\src\chromium\third_party\WebKit\Source\core\layout\TextAutosizer.cpp">
      <Filter>core\layout</Filter>
    </ClCompile>
    <ClCompile Include="..\..\..\src\chromium\third_party\WebKit\Source\core\layout\LayoutScrollbar.cpp">
      <Filter>core\layout</Filter>
    </ClCompile>
    <ClCompile Include="..\..\..\src\chromium\third_party\WebKit\Source\core\layout\LayoutBlock.cpp">
      <Filter>core\layout</Filter>
    </ClCompile>
    <ClCompile Include="..\..\..\src\chromium\third_party\WebKit\Source\core\layout\LayoutTextCombine.cpp">
      <Filter>core\layout</Filter>
    </ClCompile>
    <ClCompile Include="..\..\..\src\chromium\third_party\WebKit\Source\core\paint\PaintLayerScrollableArea.cpp">
      <Filter>core\paint</Filter>
    </ClCompile>
    <ClCompile Include="..\..\..\src\chromium\third_party\WebKit\Source\core\paint\PaintLayerReflectionInfo.cpp">
      <Filter>core\paint</Filter>
    </ClCompile>
    <ClCompile Include="..\..\..\src\chromium\third_party\WebKit\Source\core\css\resolver\AnimatedStyleBuilder.cpp">
      <Filter>core\css\resolver</Filter>
    </ClCompile>
    <ClCompile Include="..\..\..\src\chromium\third_party\WebKit\Source\core\css\resolver\StyleBuilderCustom.cpp">
      <Filter>core\css\resolver</Filter>
    </ClCompile>
    <ClCompile Include="..\..\..\src\chromium\third_party\WebKit\Source\core\html\HTMLImageFallbackHelper.cpp">
      <Filter>core\html</Filter>
    </ClCompile>
    <ClCompile Include="..\..\..\src\chromium\third_party\WebKit\Source\core\html\shadow\TextControlInnerElements.cpp">
      <Filter>core\html\shadow</Filter>
    </ClCompile>
    <ClCompile Include="..\..\..\src\chromium\third_party\WebKit\Source\core\html\forms\ImageInputType.cpp">
      <Filter>core\html\forms</Filter>
    </ClCompile>
    <ClCompile Include="..\..\..\src\chromium\third_party\WebKit\Source\core\animation\ElementAnimations.cpp">
      <Filter>core\animation</Filter>
    </ClCompile>
    <ClCompile Include="..\..\..\src\chromium\third_party\WebKit\Source\core\html\HTMLOptionElement.cpp">
      <Filter>core\html</Filter>
    </ClCompile>
    <ClCompile Include="..\..\..\src\chromium\third_party\WebKit\Source\core\html\HTMLOptGroupElement.cpp">
      <Filter>core\html</Filter>
    </ClCompile>
    <ClCompile Include="..\..\..\src\chromium\third_party\WebKit\Source\core\html\HTMLImageElement.cpp">
      <Filter>core\html</Filter>
    </ClCompile>
    <ClCompile Include="..\..\..\src\chromium\third_party\WebKit\Source\core\html\forms\InputTypeView.cpp">
      <Filter>core\html\forms</Filter>
    </ClCompile>
    <ClCompile Include="..\..\..\src\chromium\third_party\WebKit\Source\web\WebLocalFrameImpl.cpp">
      <Filter>web</Filter>
    </ClCompile>
    <ClCompile Include="..\..\..\src\chromium\third_party\WebKit\Source\core\dom\Node.cpp">
      <Filter>core\dom</Filter>
    </ClCompile>
    <ClCompile Include="..\..\..\src\chromium\third_party\WebKit\Source\core\dom\LayoutTreeBuilder.cpp">
      <Filter>core\dom</Filter>
    </ClCompile>
    <ClCompile Include="..\..\..\src\chromium\third_party\WebKit\Source\core\dom\NodeRareData.cpp">
      <Filter>core\dom</Filter>
    </ClCompile>
    <ClCompile Include="..\..\..\src\chromium\third_party\WebKit\Source\core\loader\FrameLoader.cpp">
      <Filter>core\loader</Filter>
    </ClCompile>
    <ClCompile Include="..\..\..\src\chromium\third_party\WebKit\Source\core\xml\parser\XMLDocumentParser.cpp">
      <Filter>core\xml\parser</Filter>
    </ClCompile>
    <ClCompile Include="..\..\..\src\chromium\third_party\WebKit\Source\core\input\EventHandler.cpp">
      <Filter>core\input</Filter>
    </ClCompile>
    <ClCompile Include="..\..\..\src\chromium\third_party\WebKit\Source\core\frame\LocalFrame.cpp">
      <Filter>core\frame</Filter>
    </ClCompile>
    <ClCompile Include="..\..\..\src\chromium\third_party\WebKit\Source\core\layout\LayoutView.cpp">
      <Filter>core\layout</Filter>
    </ClCompile>
    <ClCompile Include="..\..\..\src\chromium\third_party\WebKit\Source\core\dom\Range.cpp">
      <Filter>core\dom</Filter>
    </ClCompile>
    <ClCompile Include="..\..\..\src\chromium\third_party\WebKit\Source\core\events\Event.cpp">
      <Filter>core\events</Filter>
    </ClCompile>
    <ClCompile Include="..\..\..\src\chromium\third_party\WebKit\Source\core\dom\custom\CustomElementRegistrationContext.cpp">
      <Filter>core\dom\custom</Filter>
    </ClCompile>
    <ClCompile Include="..\..\..\src\chromium\third_party\WebKit\Source\core\page\PageAnimator.cpp">
      <Filter>core\page</Filter>
    </ClCompile>
    <ClCompile Include="..\..\..\src\chromium\third_party\WebKit\Source\core\loader\ImageLoader.cpp">
      <Filter>core\loader</Filter>
    </ClCompile>
    <ClCompile Include="..\..\..\src\chromium\third_party\WebKit\Source\core\paint\PaintLayer.cpp">
      <Filter>core\paint</Filter>
    </ClCompile>
    <ClCompile Include="..\..\..\src\chromium\third_party\WebKit\Source\core\paint\FilterEffectBuilder.cpp">
      <Filter>core\paint</Filter>
    </ClCompile>
    <ClCompile Include="..\..\..\src\chromium\third_party\WebKit\Source\core\fetch\ImageResource.cpp">
      <Filter>core\fetch</Filter>
    </ClCompile>
    <ClCompile Include="..\..\..\src\chromium\third_party\WebKit\Source\core\animation\KeyframeEffect.cpp">
      <Filter>core\animation</Filter>
    </ClCompile>
    <ClCompile Include="..\..\..\src\chromium\third_party\WebKit\Source\core\paint\PaintLayerFilterInfo.cpp">
      <Filter>core\paint</Filter>
    </ClCompile>
    <ClCompile Include="..\..\..\src\chromium\third_party\WebKit\Source\core\css\ComputedStyleCSSValueMapping.cpp">
      <Filter>core\css</Filter>
    </ClCompile>
    <ClCompile Include="..\..\..\src\chromium\third_party\WebKit\Source\core\css\parser\CSSPropertyParser.cpp">
      <Filter>core\css\parser</Filter>
    </ClCompile>
    <ClCompile Include="..\..\..\src\chromium\third_party\WebKit\Source\core\css\CSSPathValue.cpp">
      <Filter>core\css</Filter>
    </ClCompile>
    <ClCompile Include="..\..\..\src\chromium\third_party\WebKit\Source\core\css\CSSCrossfadeValue.cpp">
      <Filter>core\css</Filter>
    </ClCompile>
    <ClCompile Include="..\..\..\src\chromium\third_party\WebKit\Source\core\layout\LayoutImageResource.cpp">
      <Filter>core\layout</Filter>
    </ClCompile>
    <ClCompile Include="..\..\..\src\chromium\third_party\WebKit\Source\core\style\StyleFetchedImage.cpp">
      <Filter>core\style</Filter>
    </ClCompile>
    <ClCompile Include="..\..\..\src\chromium\third_party\WebKit\Source\core\style\StyleFetchedImageSet.cpp">
      <Filter>core\style</Filter>
    </ClCompile>
    <ClCompile Include="..\..\..\src\chromium\third_party\WebKit\Source\core\css\CSSCursorImageValue.cpp">
      <Filter>core\css</Filter>
    </ClCompile>
    <ClCompile Include="..\..\..\src\chromium\third_party\WebKit\Source\core\animation\animatable\AnimatablePath.cpp">
      <Filter>core\animation\animatable</Filter>
    </ClCompile>
    <ClCompile Include="..\..\..\src\chromium\third_party\WebKit\Source\core\animation\AnimationInputHelpers.cpp">
      <Filter>core\animation</Filter>
    </ClCompile>
    <ClCompile Include="..\..\..\src\chromium\third_party\WebKit\Source\core\css\resolver\ElementStyleResources.cpp">
      <Filter>core\css\resolver</Filter>
    </ClCompile>
    <ClCompile Include="..\..\..\src\chromium\third_party\WebKit\Source\core\css\ElementRuleCollector.cpp">
      <Filter>core\css</Filter>
    </ClCompile>
    <ClCompile Include="..\..\..\src\chromium\third_party\WebKit\Source\core\paint\PaintLayerPainter.cpp">
      <Filter>core\paint</Filter>
    </ClCompile>
    <ClCompile Include="..\..\..\src\chromium\third_party\WebKit\Source\core\style\StyleRareNonInheritedData.cpp">
      <Filter>core\style</Filter>
    </ClCompile>
    <ClCompile Include="..\..\..\src\chromium\third_party\WebKit\Source\core\layout\LayoutTreeAsText.cpp">
      <Filter>core\layout</Filter>
    </ClCompile>
    <ClCompile Include="..\..\..\src\chromium\third_party\WebKit\Source\core\layout\PaintInvalidationState.cpp">
      <Filter>core\layout</Filter>
    </ClCompile>
    <ClCompile Include="..\..\..\src\chromium\third_party\WebKit\Source\core\paint\ReplacedPainter.cpp">
      <Filter>core\paint</Filter>
    </ClCompile>
    <ClCompile Include="..\..\..\src\chromium\third_party\WebKit\Source\core\layout\LayoutImage.cpp">
      <Filter>core\layout</Filter>
    </ClCompile>
    <ClCompile Include="..\..\..\src\chromium\third_party\WebKit\Source\core\style\PathStyleMotionPath.cpp">
      <Filter>core\style</Filter>
    </ClCompile>
    <ClCompile Include="..\..\..\src\chromium\third_party\WebKit\Source\core\layout\line\LineBreaker.cpp">
      <Filter>core\layout\line</Filter>
    </ClCompile>
    <ClCompile Include="..\..\..\src\chromium\third_party\WebKit\Source\core\style\StylePath.cpp">
      <Filter>core\style</Filter>
    </ClCompile>
    <ClCompile Include="..\..\..\src\chromium\third_party\WebKit\Source\core\layout\LayoutBlockFlowLine.cpp">
      <Filter>core\layout</Filter>
    </ClCompile>
    <ClCompile Include="..\..\..\src\chromium\third_party\WebKit\Source\core\css\resolver\StyleBuilderConverter.cpp">
      <Filter>core\css\resolver</Filter>
    </ClCompile>
    <ClCompile Include="..\..\..\src\chromium\third_party\WebKit\Source\core\css\resolver\FilterOperationResolver.cpp">
      <Filter>core\css\resolver</Filter>
    </ClCompile>
  </ItemGroup>
  <ItemGroup>
    <ClInclude Include="..\..\..\src\blink\_pc.h">
      <Filter>Header Files</Filter>
    </ClInclude>
  </ItemGroup>
</Project>