// !$*UTF8*$!
{
	archiveVersion = 1;
	classes = {
	};
	objectVersion = 50;
	objects = {

/* Begin PBXBuildFile section */
		F941DDBB2301A8E600007B98 /* uchar_props_data.h in Headers */ = {isa = PBXBuildFile; fileRef = F941DDA62301A8E600007B98 /* uchar_props_data.h */; };
		F941DDBC2301A8E600007B98 /* utrie2.h in Headers */ = {isa = PBXBuildFile; fileRef = F941DDA72301A8E600007B98 /* utrie2.h */; };
		F941DDBD2301A8E600007B98 /* udatamem.h in Headers */ = {isa = PBXBuildFile; fileRef = F941DDA92301A8E600007B98 /* udatamem.h */; };
		F941DDBE2301A8E600007B98 /* usearch.h in Headers */ = {isa = PBXBuildFile; fileRef = F941DDAA2301A8E600007B98 /* usearch.h */; };
		F941DDBF2301A8E600007B98 /* udata.h in Headers */ = {isa = PBXBuildFile; fileRef = F941DDAB2301A8E600007B98 /* udata.h */; };
		F941DDC02301A8E600007B98 /* utf.h in Headers */ = {isa = PBXBuildFile; fileRef = F941DDAC2301A8E600007B98 /* utf.h */; };
		F941DDC12301A8E600007B98 /* umachine.h in Headers */ = {isa = PBXBuildFile; fileRef = F941DDAD2301A8E600007B98 /* umachine.h */; };
		F941DDC22301A8E600007B98 /* ucmndata.h in Headers */ = {isa = PBXBuildFile; fileRef = F941DDAE2301A8E600007B98 /* ucmndata.h */; };
		F941DDC32301A8E600007B98 /* uchar.h in Headers */ = {isa = PBXBuildFile; fileRef = F941DDAF2301A8E600007B98 /* uchar.h */; };
		F941DDC42301A8E600007B98 /* utf16.h in Headers */ = {isa = PBXBuildFile; fileRef = F941DDB02301A8E600007B98 /* utf16.h */; };
		F941DDC52301A8E600007B98 /* brkiter.h in Headers */ = {isa = PBXBuildFile; fileRef = F941DDB12301A8E600007B98 /* brkiter.h */; };
		F941DDC62301A8E600007B98 /* utf8.h in Headers */ = {isa = PBXBuildFile; fileRef = F941DDB22301A8E600007B98 /* utf8.h */; };
		F941DDC72301A8E600007B98 /* uscript.h in Headers */ = {isa = PBXBuildFile; fileRef = F941DDB32301A8E600007B98 /* uscript.h */; };
		F941DDC82301A8E600007B98 /* utypes.h in Headers */ = {isa = PBXBuildFile; fileRef = F941DDB42301A8E600007B98 /* utypes.h */; };
		F941DDC92301A8E600007B98 /* ubidi_props_data.h in Headers */ = {isa = PBXBuildFile; fileRef = F941DDB52301A8E600007B98 /* ubidi_props_data.h */; };
		F941DDCA2301A8E600007B98 /* ubidi_props.h in Headers */ = {isa = PBXBuildFile; fileRef = F941DDB62301A8E600007B98 /* ubidi_props.h */; };
		F941DDCB2301A8E600007B98 /* uprops.cpp in Sources */ = {isa = PBXBuildFile; fileRef = F941DDB72301A8E600007B98 /* uprops.cpp */; };
		F941DDCC2301A8E600007B98 /* ubidi_props.cpp in Sources */ = {isa = PBXBuildFile; fileRef = F941DDB82301A8E600007B98 /* ubidi_props.cpp */; };
		F941DDCD2301A8E600007B98 /* uprops.h in Headers */ = {isa = PBXBuildFile; fileRef = F941DDB92301A8E600007B98 /* uprops.h */; };
		F941DDCE2301A8E600007B98 /* uchar.cpp in Sources */ = {isa = PBXBuildFile; fileRef = F941DDBA2301A8E600007B98 /* uchar.cpp */; };
/* End PBXBuildFile section */

/* Begin PBXFileReference section */
		F941DD9A2301A88600007B98 /* libstub.a */ = {isa = PBXFileReference; explicitFileType = archive.ar; includeInIndex = 0; path = libstub.a; sourceTree = BUILT_PRODUCTS_DIR; };
		F941DDA12301A8CA00007B98 /* BlinKit.xcconfig */ = {isa = PBXFileReference; fileEncoding = 4; lastKnownFileType = text.xcconfig; name = BlinKit.xcconfig; path = ../BlinKit.xcconfig; sourceTree = "<group>"; };
		F941DDA62301A8E600007B98 /* uchar_props_data.h */ = {isa = PBXFileReference; fileEncoding = 4; lastKnownFileType = sourcecode.c.h; path = uchar_props_data.h; sourceTree = "<group>"; };
		F941DDA72301A8E600007B98 /* utrie2.h */ = {isa = PBXFileReference; fileEncoding = 4; lastKnownFileType = sourcecode.c.h; path = utrie2.h; sourceTree = "<group>"; };
		F941DDA92301A8E600007B98 /* udatamem.h */ = {isa = PBXFileReference; fileEncoding = 4; lastKnownFileType = sourcecode.c.h; path = udatamem.h; sourceTree = "<group>"; };
		F941DDAA2301A8E600007B98 /* usearch.h */ = {isa = PBXFileReference; fileEncoding = 4; lastKnownFileType = sourcecode.c.h; path = usearch.h; sourceTree = "<group>"; };
		F941DDAB2301A8E600007B98 /* udata.h */ = {isa = PBXFileReference; fileEncoding = 4; lastKnownFileType = sourcecode.c.h; path = udata.h; sourceTree = "<group>"; };
		F941DDAC2301A8E600007B98 /* utf.h */ = {isa = PBXFileReference; fileEncoding = 4; lastKnownFileType = sourcecode.c.h; path = utf.h; sourceTree = "<group>"; };
		F941DDAD2301A8E600007B98 /* umachine.h */ = {isa = PBXFileReference; fileEncoding = 4; lastKnownFileType = sourcecode.c.h; path = umachine.h; sourceTree = "<group>"; };
		F941DDAE2301A8E600007B98 /* ucmndata.h */ = {isa = PBXFileReference; fileEncoding = 4; lastKnownFileType = sourcecode.c.h; path = ucmndata.h; sourceTree = "<group>"; };
		F941DDAF2301A8E600007B98 /* uchar.h */ = {isa = PBXFileReference; fileEncoding = 4; lastKnownFileType = sourcecode.c.h; path = uchar.h; sourceTree = "<group>"; };
		F941DDB02301A8E600007B98 /* utf16.h */ = {isa = PBXFileReference; fileEncoding = 4; lastKnownFileType = sourcecode.c.h; path = utf16.h; sourceTree = "<group>"; };
		F941DDB12301A8E600007B98 /* brkiter.h */ = {isa = PBXFileReference; fileEncoding = 4; lastKnownFileType = sourcecode.c.h; path = brkiter.h; sourceTree = "<group>"; };
		F941DDB22301A8E600007B98 /* utf8.h */ = {isa = PBXFileReference; fileEncoding = 4; lastKnownFileType = sourcecode.c.h; path = utf8.h; sourceTree = "<group>"; };
		F941DDB32301A8E600007B98 /* uscript.h */ = {isa = PBXFileReference; fileEncoding = 4; lastKnownFileType = sourcecode.c.h; path = uscript.h; sourceTree = "<group>"; };
		F941DDB42301A8E600007B98 /* utypes.h */ = {isa = PBXFileReference; fileEncoding = 4; lastKnownFileType = sourcecode.c.h; path = utypes.h; sourceTree = "<group>"; };
		F941DDB52301A8E600007B98 /* ubidi_props_data.h */ = {isa = PBXFileReference; fileEncoding = 4; lastKnownFileType = sourcecode.c.h; path = ubidi_props_data.h; sourceTree = "<group>"; };
		F941DDB62301A8E600007B98 /* ubidi_props.h */ = {isa = PBXFileReference; fileEncoding = 4; lastKnownFileType = sourcecode.c.h; path = ubidi_props.h; sourceTree = "<group>"; };
		F941DDB72301A8E600007B98 /* uprops.cpp */ = {isa = PBXFileReference; fileEncoding = 4; lastKnownFileType = sourcecode.cpp.cpp; path = uprops.cpp; sourceTree = "<group>"; };
		F941DDB82301A8E600007B98 /* ubidi_props.cpp */ = {isa = PBXFileReference; fileEncoding = 4; lastKnownFileType = sourcecode.cpp.cpp; path = ubidi_props.cpp; sourceTree = "<group>"; };
		F941DDB92301A8E600007B98 /* uprops.h */ = {isa = PBXFileReference; fileEncoding = 4; lastKnownFileType = sourcecode.c.h; path = uprops.h; sourceTree = "<group>"; };
		F941DDBA2301A8E600007B98 /* uchar.cpp */ = {isa = PBXFileReference; fileEncoding = 4; lastKnownFileType = sourcecode.cpp.cpp; path = uchar.cpp; sourceTree = "<group>"; };
/* End PBXFileReference section */

/* Begin PBXFrameworksBuildPhase section */
		F941DD982301A88600007B98 /* Frameworks */ = {
			isa = PBXFrameworksBuildPhase;
			buildActionMask = 2147483647;
			files = (
			);
			runOnlyForDeploymentPostprocessing = 0;
		};
/* End PBXFrameworksBuildPhase section */

/* Begin PBXGroup section */
		F941DD912301A88600007B98 = {
			isa = PBXGroup;
			children = (
				F941DDA42301A8E600007B98 /* stub */,
				F941DDA12301A8CA00007B98 /* BlinKit.xcconfig */,
				F941DD9B2301A88600007B98 /* Products */,
			);
			sourceTree = "<group>";
		};
		F941DD9B2301A88600007B98 /* Products */ = {
			isa = PBXGroup;
			children = (
				F941DD9A2301A88600007B98 /* libstub.a */,
			);
			name = Products;
			sourceTree = "<group>";
		};
		F941DDA42301A8E600007B98 /* stub */ = {
			isa = PBXGroup;
			children = (
				F941DDA52301A8E600007B98 /* icu */,
			);
			name = stub;
			path = ../../../src/stub;
			sourceTree = "<group>";
		};
		F941DDA52301A8E600007B98 /* icu */ = {
			isa = PBXGroup;
			children = (
				F941DDA82301A8E600007B98 /* unicode */,
				F941DDB52301A8E600007B98 /* ubidi_props_data.h */,
				F941DDB82301A8E600007B98 /* ubidi_props.cpp */,
				F941DDB62301A8E600007B98 /* ubidi_props.h */,
				F941DDA62301A8E600007B98 /* uchar_props_data.h */,
				F941DDBA2301A8E600007B98 /* uchar.cpp */,
				F941DDB72301A8E600007B98 /* uprops.cpp */,
				F941DDB92301A8E600007B98 /* uprops.h */,
				F941DDA72301A8E600007B98 /* utrie2.h */,
			);
			path = icu;
			sourceTree = "<group>";
		};
		F941DDA82301A8E600007B98 /* unicode */ = {
			isa = PBXGroup;
			children = (
				F941DDB12301A8E600007B98 /* brkiter.h */,
				F941DDAF2301A8E600007B98 /* uchar.h */,
				F941DDAE2301A8E600007B98 /* ucmndata.h */,
				F941DDAB2301A8E600007B98 /* udata.h */,
				F941DDA92301A8E600007B98 /* udatamem.h */,
				F941DDAD2301A8E600007B98 /* umachine.h */,
				F941DDB32301A8E600007B98 /* uscript.h */,
				F941DDAA2301A8E600007B98 /* usearch.h */,
				F941DDAC2301A8E600007B98 /* utf.h */,
				F941DDB22301A8E600007B98 /* utf8.h */,
				F941DDB02301A8E600007B98 /* utf16.h */,
				F941DDB42301A8E600007B98 /* utypes.h */,
			);
			path = unicode;
			sourceTree = "<group>";
		};
/* End PBXGroup section */

/* Begin PBXHeadersBuildPhase section */
		F941DD962301A88600007B98 /* Headers */ = {
			isa = PBXHeadersBuildPhase;
			buildActionMask = 2147483647;
			files = (
				F941DDC62301A8E600007B98 /* utf8.h in Headers */,
				F941DDC92301A8E600007B98 /* ubidi_props_data.h in Headers */,
				F941DDC82301A8E600007B98 /* utypes.h in Headers */,
				F941DDC72301A8E600007B98 /* uscript.h in Headers */,
				F941DDC42301A8E600007B98 /* utf16.h in Headers */,
				F941DDCA2301A8E600007B98 /* ubidi_props.h in Headers */,
				F941DDBF2301A8E600007B98 /* udata.h in Headers */,
				F941DDC52301A8E600007B98 /* brkiter.h in Headers */,
				F941DDBE2301A8E600007B98 /* usearch.h in Headers */,
				F941DDCD2301A8E600007B98 /* uprops.h in Headers */,
				F941DDC32301A8E600007B98 /* uchar.h in Headers */,
				F941DDC12301A8E600007B98 /* umachine.h in Headers */,
				F941DDBC2301A8E600007B98 /* utrie2.h in Headers */,
				F941DDC02301A8E600007B98 /* utf.h in Headers */,
				F941DDBD2301A8E600007B98 /* udatamem.h in Headers */,
				F941DDBB2301A8E600007B98 /* uchar_props_data.h in Headers */,
				F941DDC22301A8E600007B98 /* ucmndata.h in Headers */,
			);
			runOnlyForDeploymentPostprocessing = 0;
		};
/* End PBXHeadersBuildPhase section */

/* Begin PBXNativeTarget section */
		F941DD992301A88600007B98 /* stub */ = {
			isa = PBXNativeTarget;
			buildConfigurationList = F941DD9E2301A88600007B98 /* Build configuration list for PBXNativeTarget "stub" */;
			buildPhases = (
				F941DD962301A88600007B98 /* Headers */,
				F941DD972301A88600007B98 /* Sources */,
				F941DD982301A88600007B98 /* Frameworks */,
			);
			buildRules = (
			);
			dependencies = (
			);
			name = stub;
			productName = stub;
			productReference = F941DD9A2301A88600007B98 /* libstub.a */;
			productType = "com.apple.product-type.library.static";
		};
/* End PBXNativeTarget section */

/* Begin PBXProject section */
		F941DD922301A88600007B98 /* Project object */ = {
			isa = PBXProject;
			attributes = {
				LastUpgradeCheck = 1030;
				ORGANIZATIONNAME = "MingYang Software Technology";
				TargetAttributes = {
					F941DD992301A88600007B98 = {
						CreatedOnToolsVersion = 10.3;
					};
				};
			};
			buildConfigurationList = F941DD952301A88600007B98 /* Build configuration list for PBXProject "stub" */;
			compatibilityVersion = "Xcode 9.3";
			developmentRegion = en;
			hasScannedForEncodings = 0;
			knownRegions = (
				en,
				Base,
			);
			mainGroup = F941DD912301A88600007B98;
			productRefGroup = F941DD9B2301A88600007B98 /* Products */;
			projectDirPath = "";
			projectRoot = "";
			targets = (
				F941DD992301A88600007B98 /* stub */,
			);
		};
/* End PBXProject section */

/* Begin PBXSourcesBuildPhase section */
		F941DD972301A88600007B98 /* Sources */ = {
			isa = PBXSourcesBuildPhase;
			buildActionMask = 2147483647;
			files = (
				F941DDCE2301A8E600007B98 /* uchar.cpp in Sources */,
				F941DDCC2301A8E600007B98 /* ubidi_props.cpp in Sources */,
				F941DDCB2301A8E600007B98 /* uprops.cpp in Sources */,
			);
			runOnlyForDeploymentPostprocessing = 0;
		};
/* End PBXSourcesBuildPhase section */

/* Begin XCBuildConfiguration section */
		F941DD9C2301A88600007B98 /* Debug */ = {
			isa = XCBuildConfiguration;
			baseConfigurationReference = F941DDA12301A8CA00007B98 /* BlinKit.xcconfig */;
			buildSettings = {
				ALWAYS_SEARCH_USER_PATHS = NO;
				CLANG_ANALYZER_NONNULL = YES;
				CLANG_ANALYZER_NUMBER_OBJECT_CONVERSION = YES_AGGRESSIVE;
				CLANG_CXX_LIBRARY = "libc++";
				CLANG_ENABLE_MODULES = YES;
				CLANG_ENABLE_OBJC_ARC = YES;
				CLANG_ENABLE_OBJC_WEAK = YES;
				CLANG_WARN_BLOCK_CAPTURE_AUTORELEASING = YES;
				CLANG_WARN_BOOL_CONVERSION = YES;
				CLANG_WARN_COMMA = YES;
				CLANG_WARN_CONSTANT_CONVERSION = YES;
				CLANG_WARN_DEPRECATED_OBJC_IMPLEMENTATIONS = YES;
				CLANG_WARN_DIRECT_OBJC_ISA_USAGE = YES_ERROR;
				CLANG_WARN_DOCUMENTATION_COMMENTS = YES;
				CLANG_WARN_EMPTY_BODY = YES;
				CLANG_WARN_ENUM_CONVERSION = YES;
				CLANG_WARN_INFINITE_RECURSION = YES;
				CLANG_WARN_INT_CONVERSION = YES;
				CLANG_WARN_NON_LITERAL_NULL_CONVERSION = YES;
				CLANG_WARN_OBJC_IMPLICIT_RETAIN_SELF = YES;
				CLANG_WARN_OBJC_LITERAL_CONVERSION = YES;
				CLANG_WARN_OBJC_ROOT_CLASS = YES_ERROR;
				CLANG_WARN_RANGE_LOOP_ANALYSIS = YES;
				CLANG_WARN_STRICT_PROTOTYPES = YES;
				CLANG_WARN_SUSPICIOUS_MOVE = YES;
				CLANG_WARN_UNGUARDED_AVAILABILITY = YES_AGGRESSIVE;
				CLANG_WARN_UNREACHABLE_CODE = YES;
				CLANG_WARN__DUPLICATE_METHOD_MATCH = YES;
				CODE_SIGN_IDENTITY = "-";
				COPY_PHASE_STRIP = NO;
				DEBUG_INFORMATION_FORMAT = dwarf;
				ENABLE_STRICT_OBJC_MSGSEND = YES;
				ENABLE_TESTABILITY = YES;
				GCC_C_LANGUAGE_STANDARD = gnu11;
				GCC_DYNAMIC_NO_PIC = NO;
				GCC_NO_COMMON_BLOCKS = YES;
				GCC_OPTIMIZATION_LEVEL = 0;
				GCC_PREFIX_HEADER = "";
				GCC_PREPROCESSOR_DEFINITIONS = (
					"DEBUG=1",
					"$(inherited)",
				);
				GCC_WARN_64_TO_32_BIT_CONVERSION = YES;
				GCC_WARN_ABOUT_RETURN_TYPE = YES_ERROR;
				GCC_WARN_UNDECLARED_SELECTOR = YES;
				GCC_WARN_UNINITIALIZED_AUTOS = YES_AGGRESSIVE;
				GCC_WARN_UNUSED_FUNCTION = YES;
				GCC_WARN_UNUSED_VARIABLE = YES;
				MACOSX_DEPLOYMENT_TARGET = 10.14;
				MTL_ENABLE_DEBUG_INFO = INCLUDE_SOURCE;
				MTL_FAST_MATH = YES;
				ONLY_ACTIVE_ARCH = YES;
				SDKROOT = macosx;
			};
			name = Debug;
		};
		F941DD9D2301A88600007B98 /* Release */ = {
			isa = XCBuildConfiguration;
			baseConfigurationReference = F941DDA12301A8CA00007B98 /* BlinKit.xcconfig */;
			buildSettings = {
				ALWAYS_SEARCH_USER_PATHS = NO;
				CLANG_ANALYZER_NONNULL = YES;
				CLANG_ANALYZER_NUMBER_OBJECT_CONVERSION = YES_AGGRESSIVE;
				CLANG_CXX_LIBRARY = "libc++";
				CLANG_ENABLE_MODULES = YES;
				CLANG_ENABLE_OBJC_ARC = YES;
				CLANG_ENABLE_OBJC_WEAK = YES;
				CLANG_WARN_BLOCK_CAPTURE_AUTORELEASING = YES;
				CLANG_WARN_BOOL_CONVERSION = YES;
				CLANG_WARN_COMMA = YES;
				CLANG_WARN_CONSTANT_CONVERSION = YES;
				CLANG_WARN_DEPRECATED_OBJC_IMPLEMENTATIONS = YES;
				CLANG_WARN_DIRECT_OBJC_ISA_USAGE = YES_ERROR;
				CLANG_WARN_DOCUMENTATION_COMMENTS = YES;
				CLANG_WARN_EMPTY_BODY = YES;
				CLANG_WARN_ENUM_CONVERSION = YES;
				CLANG_WARN_INFINITE_RECURSION = YES;
				CLANG_WARN_INT_CONVERSION = YES;
				CLANG_WARN_NON_LITERAL_NULL_CONVERSION = YES;
				CLANG_WARN_OBJC_IMPLICIT_RETAIN_SELF = YES;
				CLANG_WARN_OBJC_LITERAL_CONVERSION = YES;
				CLANG_WARN_OBJC_ROOT_CLASS = YES_ERROR;
				CLANG_WARN_RANGE_LOOP_ANALYSIS = YES;
				CLANG_WARN_STRICT_PROTOTYPES = YES;
				CLANG_WARN_SUSPICIOUS_MOVE = YES;
				CLANG_WARN_UNGUARDED_AVAILABILITY = YES_AGGRESSIVE;
				CLANG_WARN_UNREACHABLE_CODE = YES;
				CLANG_WARN__DUPLICATE_METHOD_MATCH = YES;
				CODE_SIGN_IDENTITY = "-";
				COPY_PHASE_STRIP = NO;
				DEBUG_INFORMATION_FORMAT = "dwarf-with-dsym";
				ENABLE_NS_ASSERTIONS = NO;
				ENABLE_STRICT_OBJC_MSGSEND = YES;
				GCC_C_LANGUAGE_STANDARD = gnu11;
				GCC_NO_COMMON_BLOCKS = YES;
				GCC_PREFIX_HEADER = "";
				GCC_PREPROCESSOR_DEFINITIONS = NDEBUG;
				GCC_WARN_64_TO_32_BIT_CONVERSION = YES;
				GCC_WARN_ABOUT_RETURN_TYPE = YES_ERROR;
				GCC_WARN_UNDECLARED_SELECTOR = YES;
				GCC_WARN_UNINITIALIZED_AUTOS = YES_AGGRESSIVE;
				GCC_WARN_UNUSED_FUNCTION = YES;
				GCC_WARN_UNUSED_VARIABLE = YES;
				MACOSX_DEPLOYMENT_TARGET = 10.14;
				MTL_ENABLE_DEBUG_INFO = NO;
				MTL_FAST_MATH = YES;
				SDKROOT = macosx;
			};
			name = Release;
		};
		F941DD9F2301A88600007B98 /* Debug */ = {
			isa = XCBuildConfiguration;
			buildSettings = {
				CODE_SIGN_STYLE = Automatic;
				EXECUTABLE_PREFIX = lib;
				PRODUCT_NAME = "$(TARGET_NAME)";
				SKIP_INSTALL = YES;
			};
			name = Debug;
		};
		F941DDA02301A88600007B98 /* Release */ = {
			isa = XCBuildConfiguration;
			buildSettings = {
				CODE_SIGN_STYLE = Automatic;
				EXECUTABLE_PREFIX = lib;
				PRODUCT_NAME = "$(TARGET_NAME)";
				SKIP_INSTALL = YES;
			};
			name = Release;
		};
/* End XCBuildConfiguration section */

/* Begin XCConfigurationList section */
		F941DD952301A88600007B98 /* Build configuration list for PBXProject "stub" */ = {
			isa = XCConfigurationList;
			buildConfigurations = (
				F941DD9C2301A88600007B98 /* Debug */,
				F941DD9D2301A88600007B98 /* Release */,
			);
			defaultConfigurationIsVisible = 0;
			defaultConfigurationName = Release;
		};
		F941DD9E2301A88600007B98 /* Build configuration list for PBXNativeTarget "stub" */ = {
			isa = XCConfigurationList;
			buildConfigurations = (
				F941DD9F2301A88600007B98 /* Debug */,
				F941DDA02301A88600007B98 /* Release */,
			);
			defaultConfigurationIsVisible = 0;
			defaultConfigurationName = Release;
		};
/* End XCConfigurationList section */
	};
	rootObject = F941DD922301A88600007B98 /* Project object */;
}
